// !$*UTF8*$!
{
	archiveVersion = 1;
	classes = {
	};
	objectVersion = 50;
	objects = {

/* Begin PBXBuildFile section */
		22DD0E76250A8C5A005B0371 /* AppDelegate.swift in Sources */ = {isa = PBXBuildFile; fileRef = 22DD0E75250A8C5A005B0371 /* AppDelegate.swift */; };
		22DD0E7A250A8C5A005B0371 /* ViewController.swift in Sources */ = {isa = PBXBuildFile; fileRef = 22DD0E79250A8C5A005B0371 /* ViewController.swift */; };
		22DD0E7D250A8C5A005B0371 /* Main.storyboard in Resources */ = {isa = PBXBuildFile; fileRef = 22DD0E7B250A8C5A005B0371 /* Main.storyboard */; };
		22DD0E81250A8C5B005B0371 /* Assets.xcassets in Resources */ = {isa = PBXBuildFile; fileRef = 22DD0E80250A8C5B005B0371 /* Assets.xcassets */; };
		22DD0E84250A8C5B005B0371 /* LaunchScreen.storyboard in Resources */ = {isa = PBXBuildFile; fileRef = 22DD0E82250A8C5B005B0371 /* LaunchScreen.storyboard */; };
/* End PBXBuildFile section */

/* Begin PBXFileReference section */
		226E99B4251E550A005EECE9 /* WebPKit-Example-iOS.entitlements */ = {isa = PBXFileReference; lastKnownFileType = text.plist.entitlements; path = "WebPKit-Example-iOS.entitlements"; sourceTree = "<group>"; };
		2283607A250C92F400E46CD3 /* CocoaWebP.framework */ = {isa = PBXFileReference; explicitFileType = wrapper.framework; path = CocoaWebP.framework; sourceTree = BUILT_PRODUCTS_DIR; };
		228360AA250C992800E46CD3 /* CocoaWebP.framework */ = {isa = PBXFileReference; explicitFileType = wrapper.framework; path = CocoaWebP.framework; sourceTree = BUILT_PRODUCTS_DIR; };
		22DD0E72250A8C5A005B0371 /* WebPKit-Example-iOS.app */ = {isa = PBXFileReference; explicitFileType = wrapper.application; includeInIndex = 0; path = "WebPKit-Example-iOS.app"; sourceTree = BUILT_PRODUCTS_DIR; };
		22DD0E75250A8C5A005B0371 /* AppDelegate.swift */ = {isa = PBXFileReference; lastKnownFileType = sourcecode.swift; path = AppDelegate.swift; sourceTree = "<group>"; };
		22DD0E79250A8C5A005B0371 /* ViewController.swift */ = {isa = PBXFileReference; lastKnownFileType = sourcecode.swift; path = ViewController.swift; sourceTree = "<group>"; };
		22DD0E7C250A8C5A005B0371 /* Base */ = {isa = PBXFileReference; lastKnownFileType = file.storyboard; name = Base; path = Base.lproj/Main.storyboard; sourceTree = "<group>"; };
		22DD0E80250A8C5B005B0371 /* Assets.xcassets */ = {isa = PBXFileReference; lastKnownFileType = folder.assetcatalog; path = Assets.xcassets; sourceTree = "<group>"; };
		22DD0E83250A8C5B005B0371 /* Base */ = {isa = PBXFileReference; lastKnownFileType = file.storyboard; name = Base; path = Base.lproj/LaunchScreen.storyboard; sourceTree = "<group>"; };
		22DD0E85250A8C5B005B0371 /* Info.plist */ = {isa = PBXFileReference; lastKnownFileType = text.plist.xml; path = Info.plist; sourceTree = "<group>"; };
/* End PBXFileReference section */

/* Begin PBXFrameworksBuildPhase section */
		22DD0E6F250A8C5A005B0371 /* Frameworks */ = {
			isa = PBXFrameworksBuildPhase;
			buildActionMask = 2147483647;
			files = (
			);
			runOnlyForDeploymentPostprocessing = 0;
		};
/* End PBXFrameworksBuildPhase section */

/* Begin PBXGroup section */
		22836079250C92F400E46CD3 /* Frameworks */ = {
			isa = PBXGroup;
			children = (
				228360AA250C992800E46CD3 /* CocoaWebP.framework */,
				2283607A250C92F400E46CD3 /* CocoaWebP.framework */,
			);
			name = Frameworks;
			sourceTree = "<group>";
		};
		22DD0E69250A8C5A005B0371 = {
			isa = PBXGroup;
			children = (
				22DD0E74250A8C5A005B0371 /* Sources */,
				22DD0E73250A8C5A005B0371 /* Products */,
				22836079250C92F400E46CD3 /* Frameworks */,
			);
			sourceTree = "<group>";
		};
		22DD0E73250A8C5A005B0371 /* Products */ = {
			isa = PBXGroup;
			children = (
				22DD0E72250A8C5A005B0371 /* WebPKit-Example-iOS.app */,
			);
			name = Products;
			sourceTree = "<group>";
		};
		22DD0E74250A8C5A005B0371 /* Sources */ = {
			isa = PBXGroup;
			children = (
				22DD0E75250A8C5A005B0371 /* AppDelegate.swift */,
				22DD0E79250A8C5A005B0371 /* ViewController.swift */,
				22DD0E7B250A8C5A005B0371 /* Main.storyboard */,
				22DD0E80250A8C5B005B0371 /* Assets.xcassets */,
				226E99B4251E550A005EECE9 /* WebPKit-Example-iOS.entitlements */,
				22DD0E82250A8C5B005B0371 /* LaunchScreen.storyboard */,
				22DD0E85250A8C5B005B0371 /* Info.plist */,
			);
			path = Sources;
			sourceTree = "<group>";
		};
/* End PBXGroup section */

/* Begin PBXNativeTarget section */
		22DD0E71250A8C5A005B0371 /* WebPKit-Example-iOS */ = {
			isa = PBXNativeTarget;
			buildConfigurationList = 22DD0E88250A8C5B005B0371 /* Build configuration list for PBXNativeTarget "WebPKit-Example-iOS" */;
			buildPhases = (
				22DD0E6E250A8C5A005B0371 /* Sources */,
				22DD0E6F250A8C5A005B0371 /* Frameworks */,
				22DD0E70250A8C5A005B0371 /* Resources */,
			);
			buildRules = (
			);
			dependencies = (
			);
			name = "WebPKit-Example-iOS";
			productName = "CocoaWebPExample-iOS";
			productReference = 22DD0E72250A8C5A005B0371 /* WebPKit-Example-iOS.app */;
			productType = "com.apple.product-type.application";
		};
/* End PBXNativeTarget section */

/* Begin PBXProject section */
		22DD0E6A250A8C5A005B0371 /* Project object */ = {
			isa = PBXProject;
			attributes = {
				LastSwiftUpdateCheck = 1200;
				LastUpgradeCheck = 1200;
				TargetAttributes = {
					22DD0E71250A8C5A005B0371 = {
						CreatedOnToolsVersion = 12.0;
					};
				};
			};
			buildConfigurationList = 22DD0E6D250A8C5A005B0371 /* Build configuration list for PBXProject "WebPKit-Example-iOS" */;
			compatibilityVersion = "Xcode 9.3";
			developmentRegion = en;
			hasScannedForEncodings = 0;
			knownRegions = (
				en,
				Base,
			);
			mainGroup = 22DD0E69250A8C5A005B0371;
			productRefGroup = 22DD0E73250A8C5A005B0371 /* Products */;
			projectDirPath = "";
			projectRoot = "";
			targets = (
				22DD0E71250A8C5A005B0371 /* WebPKit-Example-iOS */,
			);
		};
/* End PBXProject section */

/* Begin PBXResourcesBuildPhase section */
		22DD0E70250A8C5A005B0371 /* Resources */ = {
			isa = PBXResourcesBuildPhase;
			buildActionMask = 2147483647;
			files = (
				22DD0E84250A8C5B005B0371 /* LaunchScreen.storyboard in Resources */,
				22DD0E81250A8C5B005B0371 /* Assets.xcassets in Resources */,
				22DD0E7D250A8C5A005B0371 /* Main.storyboard in Resources */,
			);
			runOnlyForDeploymentPostprocessing = 0;
		};
/* End PBXResourcesBuildPhase section */

/* Begin PBXSourcesBuildPhase section */
		22DD0E6E250A8C5A005B0371 /* Sources */ = {
			isa = PBXSourcesBuildPhase;
			buildActionMask = 2147483647;
			files = (
				22DD0E7A250A8C5A005B0371 /* ViewController.swift in Sources */,
				22DD0E76250A8C5A005B0371 /* AppDelegate.swift in Sources */,
			);
			runOnlyForDeploymentPostprocessing = 0;
		};
/* End PBXSourcesBuildPhase section */

/* Begin PBXVariantGroup section */
		22DD0E7B250A8C5A005B0371 /* Main.storyboard */ = {
			isa = PBXVariantGroup;
			children = (
				22DD0E7C250A8C5A005B0371 /* Base */,
			);
			name = Main.storyboard;
			sourceTree = "<group>";
		};
		22DD0E82250A8C5B005B0371 /* LaunchScreen.storyboard */ = {
			isa = PBXVariantGroup;
			children = (
				22DD0E83250A8C5B005B0371 /* Base */,
			);
			name = LaunchScreen.storyboard;
			sourceTree = "<group>";
		};
/* End PBXVariantGroup section */

/* Begin XCBuildConfiguration section */
		22DD0E86250A8C5B005B0371 /* Debug */ = {
			isa = XCBuildConfiguration;
			buildSettings = {
				ALWAYS_SEARCH_USER_PATHS = NO;
				CLANG_ANALYZER_NONNULL = YES;
				CLANG_ANALYZER_NUMBER_OBJECT_CONVERSION = YES_AGGRESSIVE;
				CLANG_CXX_LANGUAGE_STANDARD = "gnu++14";
				CLANG_CXX_LIBRARY = "libc++";
				CLANG_ENABLE_MODULES = YES;
				CLANG_ENABLE_OBJC_ARC = YES;
				CLANG_ENABLE_OBJC_WEAK = YES;
				CLANG_WARN_BLOCK_CAPTURE_AUTORELEASING = YES;
				CLANG_WARN_BOOL_CONVERSION = YES;
				CLANG_WARN_COMMA = YES;
				CLANG_WARN_CONSTANT_CONVERSION = YES;
				CLANG_WARN_DEPRECATED_OBJC_IMPLEMENTATIONS = YES;
				CLANG_WARN_DIRECT_OBJC_ISA_USAGE = YES_ERROR;
				CLANG_WARN_DOCUMENTATION_COMMENTS = YES;
				CLANG_WARN_EMPTY_BODY = YES;
				CLANG_WARN_ENUM_CONVERSION = YES;
				CLANG_WARN_INFINITE_RECURSION = YES;
				CLANG_WARN_INT_CONVERSION = YES;
				CLANG_WARN_NON_LITERAL_NULL_CONVERSION = YES;
				CLANG_WARN_OBJC_IMPLICIT_RETAIN_SELF = YES;
				CLANG_WARN_OBJC_LITERAL_CONVERSION = YES;
				CLANG_WARN_OBJC_ROOT_CLASS = YES_ERROR;
				CLANG_WARN_QUOTED_INCLUDE_IN_FRAMEWORK_HEADER = YES;
				CLANG_WARN_RANGE_LOOP_ANALYSIS = YES;
				CLANG_WARN_STRICT_PROTOTYPES = YES;
				CLANG_WARN_SUSPICIOUS_MOVE = YES;
				CLANG_WARN_UNGUARDED_AVAILABILITY = YES_AGGRESSIVE;
				CLANG_WARN_UNREACHABLE_CODE = YES;
				CLANG_WARN__DUPLICATE_METHOD_MATCH = YES;
				COPY_PHASE_STRIP = NO;
				DEBUG_INFORMATION_FORMAT = dwarf;
				ENABLE_STRICT_OBJC_MSGSEND = YES;
				ENABLE_TESTABILITY = YES;
				GCC_C_LANGUAGE_STANDARD = gnu11;
				GCC_DYNAMIC_NO_PIC = NO;
				GCC_NO_COMMON_BLOCKS = YES;
				GCC_OPTIMIZATION_LEVEL = 0;
				GCC_PREPROCESSOR_DEFINITIONS = (
					"DEBUG=1",
					"$(inherited)",
				);
				GCC_WARN_64_TO_32_BIT_CONVERSION = YES;
				GCC_WARN_ABOUT_RETURN_TYPE = YES_ERROR;
				GCC_WARN_UNDECLARED_SELECTOR = YES;
				GCC_WARN_UNINITIALIZED_AUTOS = YES_AGGRESSIVE;
				GCC_WARN_UNUSED_FUNCTION = YES;
				GCC_WARN_UNUSED_VARIABLE = YES;
				IPHONEOS_DEPLOYMENT_TARGET = 9.0;
				MTL_ENABLE_DEBUG_INFO = INCLUDE_SOURCE;
				MTL_FAST_MATH = YES;
				ONLY_ACTIVE_ARCH = YES;
				SDKROOT = iphoneos;
				SWIFT_ACTIVE_COMPILATION_CONDITIONS = DEBUG;
				SWIFT_OPTIMIZATION_LEVEL = "-Onone";
			};
			name = Debug;
		};
		22DD0E87250A8C5B005B0371 /* Release */ = {
			isa = XCBuildConfiguration;
			buildSettings = {
				ALWAYS_SEARCH_USER_PATHS = NO;
				CLANG_ANALYZER_NONNULL = YES;
				CLANG_ANALYZER_NUMBER_OBJECT_CONVERSION = YES_AGGRESSIVE;
				CLANG_CXX_LANGUAGE_STANDARD = "gnu++14";
				CLANG_CXX_LIBRARY = "libc++";
				CLANG_ENABLE_MODULES = YES;
				CLANG_ENABLE_OBJC_ARC = YES;
				CLANG_ENABLE_OBJC_WEAK = YES;
				CLANG_WARN_BLOCK_CAPTURE_AUTORELEASING = YES;
				CLANG_WARN_BOOL_CONVERSION = YES;
				CLANG_WARN_COMMA = YES;
				CLANG_WARN_CONSTANT_CONVERSION = YES;
				CLANG_WARN_DEPRECATED_OBJC_IMPLEMENTATIONS = YES;
				CLANG_WARN_DIRECT_OBJC_ISA_USAGE = YES_ERROR;
				CLANG_WARN_DOCUMENTATION_COMMENTS = YES;
				CLANG_WARN_EMPTY_BODY = YES;
				CLANG_WARN_ENUM_CONVERSION = YES;
				CLANG_WARN_INFINITE_RECURSION = YES;
				CLANG_WARN_INT_CONVERSION = YES;
				CLANG_WARN_NON_LITERAL_NULL_CONVERSION = YES;
				CLANG_WARN_OBJC_IMPLICIT_RETAIN_SELF = YES;
				CLANG_WARN_OBJC_LITERAL_CONVERSION = YES;
				CLANG_WARN_OBJC_ROOT_CLASS = YES_ERROR;
				CLANG_WARN_QUOTED_INCLUDE_IN_FRAMEWORK_HEADER = YES;
				CLANG_WARN_RANGE_LOOP_ANALYSIS = YES;
				CLANG_WARN_STRICT_PROTOTYPES = YES;
				CLANG_WARN_SUSPICIOUS_MOVE = YES;
				CLANG_WARN_UNGUARDED_AVAILABILITY = YES_AGGRESSIVE;
				CLANG_WARN_UNREACHABLE_CODE = YES;
				CLANG_WARN__DUPLICATE_METHOD_MATCH = YES;
				COPY_PHASE_STRIP = NO;
				DEBUG_INFORMATION_FORMAT = "dwarf-with-dsym";
				ENABLE_NS_ASSERTIONS = NO;
				ENABLE_STRICT_OBJC_MSGSEND = YES;
				GCC_C_LANGUAGE_STANDARD = gnu11;
				GCC_NO_COMMON_BLOCKS = YES;
				GCC_WARN_64_TO_32_BIT_CONVERSION = YES;
				GCC_WARN_ABOUT_RETURN_TYPE = YES_ERROR;
				GCC_WARN_UNDECLARED_SELECTOR = YES;
				GCC_WARN_UNINITIALIZED_AUTOS = YES_AGGRESSIVE;
				GCC_WARN_UNUSED_FUNCTION = YES;
				GCC_WARN_UNUSED_VARIABLE = YES;
				IPHONEOS_DEPLOYMENT_TARGET = 9.0;
				MTL_ENABLE_DEBUG_INFO = NO;
				MTL_FAST_MATH = YES;
				SDKROOT = iphoneos;
				SWIFT_COMPILATION_MODE = wholemodule;
				SWIFT_OPTIMIZATION_LEVEL = "-O";
				VALIDATE_PRODUCT = YES;
			};
			name = Release;
		};
		22DD0E89250A8C5B005B0371 /* Debug */ = {
			isa = XCBuildConfiguration;
			buildSettings = {
				ASSETCATALOG_COMPILER_APPICON_NAME = AppIcon;
				ASSETCATALOG_COMPILER_GLOBAL_ACCENT_COLOR_NAME = AccentColor;
				CODE_SIGN_ENTITLEMENTS = "Sources/WebPKit-Example-iOS.entitlements";
				CODE_SIGN_STYLE = Automatic;
				DEVELOPMENT_TEAM = 6LF3GMKZAB;
				INFOPLIST_FILE = "$(SRCROOT)/Sources/Info.plist";
				IPHONEOS_DEPLOYMENT_TARGET = 13.0;
				LD_RUNPATH_SEARCH_PATHS = (
					"$(inherited)",
					"@executable_path/Frameworks",
				);
				PRODUCT_BUNDLE_IDENTIFIER = "dev.tim.CocoaWebPExample-iOS";
				PRODUCT_NAME = "$(TARGET_NAME)";
				SUPPORTS_MACCATALYST = YES;
				SWIFT_VERSION = 5.0;
				TARGETED_DEVICE_FAMILY = "1,2";
			};
			name = Debug;
		};
		22DD0E8A250A8C5B005B0371 /* Release */ = {
			isa = XCBuildConfiguration;
			buildSettings = {
				ASSETCATALOG_COMPILER_APPICON_NAME = AppIcon;
				ASSETCATALOG_COMPILER_GLOBAL_ACCENT_COLOR_NAME = AccentColor;
				CODE_SIGN_ENTITLEMENTS = "Sources/WebPKit-Example-iOS.entitlements";
				CODE_SIGN_STYLE = Automatic;
				DEVELOPMENT_TEAM = 6LF3GMKZAB;
				INFOPLIST_FILE = "$(SRCROOT)/Sources/Info.plist";
				IPHONEOS_DEPLOYMENT_TARGET = 13.0;
				LD_RUNPATH_SEARCH_PATHS = (
					"$(inherited)",
					"@executable_path/Frameworks",
				);
				PRODUCT_BUNDLE_IDENTIFIER = "dev.tim.CocoaWebPExample-iOS";
				PRODUCT_NAME = "$(TARGET_NAME)";
				SUPPORTS_MACCATALYST = YES;
				SWIFT_VERSION = 5.0;
				TARGETED_DEVICE_FAMILY = "1,2";
			};
			name = Release;
		};
/* End XCBuildConfiguration section */

/* Begin XCConfigurationList section */
		22DD0E6D250A8C5A005B0371 /* Build configuration list for PBXProject "WebPKit-Example-iOS" */ = {
			isa = XCConfigurationList;
			buildConfigurations = (
				22DD0E86250A8C5B005B0371 /* Debug */,
				22DD0E87250A8C5B005B0371 /* Release */,
			);
			defaultConfigurationIsVisible = 0;
			defaultConfigurationName = Release;
		};
		22DD0E88250A8C5B005B0371 /* Build configuration list for PBXNativeTarget "WebPKit-Example-iOS" */ = {
			isa = XCConfigurationList;
			buildConfigurations = (
				22DD0E89250A8C5B005B0371 /* Debug */,
				22DD0E8A250A8C5B005B0371 /* Release */,
			);
			defaultConfigurationIsVisible = 0;
			defaultConfigurationName = Release;
		};
/* End XCConfigurationList section */
	};
	rootObject = 22DD0E6A250A8C5A005B0371 /* Project object */;
}
