// !$*UTF8*$!
{
	archiveVersion = 1;
	classes = {
	};
	objectVersion = 52;
	objects = {

/* Begin PBXBuildFile section */
		2203B922253759B10069098A /* WebPDecodingURLTests.swift in Sources */ = {isa = PBXBuildFile; fileRef = 2203B921253759B10069098A /* WebPDecodingURLTests.swift */; };
		2203B92A25375B9E0069098A /* logo-lossy.WEBP in Resources */ = {isa = PBXBuildFile; fileRef = 2203B92825375B9E0069098A /* logo-lossy.WEBP */; };
		2203B92B25375B9E0069098A /* logo-lossless.webp in Resources */ = {isa = PBXBuildFile; fileRef = 2203B92925375B9E0069098A /* logo-lossless.webp */; };
		2203B93225375C130069098A /* URL+WebPDecoding.swift in Sources */ = {isa = PBXBuildFile; fileRef = 2203B910253753D20069098A /* URL+WebPDecoding.swift */; };
		2203B93725375E690069098A /* Data+WebPDecoding.swift in Sources */ = {isa = PBXBuildFile; fileRef = 2203B93525375E690069098A /* Data+WebPDecoding.swift */; };
		2203B93E2537621E0069098A /* CGImage+WebPDecoding.swift in Sources */ = {isa = PBXBuildFile; fileRef = 2203B93C2537621E0069098A /* CGImage+WebPDecoding.swift */; };
		2203B94E253769AC0069098A /* WebPDecodingDataTests.swift in Sources */ = {isa = PBXBuildFile; fileRef = 2203B94C253769AC0069098A /* WebPDecodingDataTests.swift */; };
		2203B95425376AC60069098A /* WebPDecodingCGImageTests.swift in Sources */ = {isa = PBXBuildFile; fileRef = 2203B95325376AC60069098A /* WebPDecodingCGImageTests.swift */; };
		2203B95825386D5D0069098A /* UIImage+WebPDecoding.swift in Sources */ = {isa = PBXBuildFile; fileRef = 2203B95725386D5D0069098A /* UIImage+WebPDecoding.swift */; };
		2203B966253881B60069098A /* WebPDecodingUIImageTests.swift in Sources */ = {isa = PBXBuildFile; fileRef = 2203B964253881B60069098A /* WebPDecodingUIImageTests.swift */; };
		2203B96D253882300069098A /* WebPDecodingTests.swift in Sources */ = {isa = PBXBuildFile; fileRef = 2203B96B253882300069098A /* WebPDecodingTests.swift */; };
		224DBFF02538A1D3000A0A36 /* WebPKitExample-watchOS-App.app in Embed Watch Content */ = {isa = PBXBuildFile; fileRef = 224DBFEF2538A1D3000A0A36 /* WebPKitExample-watchOS-App.app */; settings = {ATTRIBUTES = (RemoveHeadersOnCopy, ); }; };
		224DBFF62538A1D3000A0A36 /* Interface.storyboard in Resources */ = {isa = PBXBuildFile; fileRef = 224DBFF42538A1D3000A0A36 /* Interface.storyboard */; };
		224DBFF82538A1D3000A0A36 /* Assets.xcassets in Resources */ = {isa = PBXBuildFile; fileRef = 224DBFF72538A1D3000A0A36 /* Assets.xcassets */; };
		224DBFFF2538A1D4000A0A36 /* WebPKitExample-watchOS-Extension.appex in Embed App Extensions */ = {isa = PBXBuildFile; fileRef = 224DBFFE2538A1D4000A0A36 /* WebPKitExample-watchOS-Extension.appex */; settings = {ATTRIBUTES = (RemoveHeadersOnCopy, ); }; };
		224DC0042538A1D4000A0A36 /* InterfaceController.swift in Sources */ = {isa = PBXBuildFile; fileRef = 224DC0032538A1D4000A0A36 /* InterfaceController.swift */; };
		224DC0062538A1D4000A0A36 /* ExtensionDelegate.swift in Sources */ = {isa = PBXBuildFile; fileRef = 224DC0052538A1D4000A0A36 /* ExtensionDelegate.swift */; };
		224DC00A2538A1D4000A0A36 /* Assets.xcassets in Resources */ = {isa = PBXBuildFile; fileRef = 224DC0092538A1D4000A0A36 /* Assets.xcassets */; };
		224DC0362538A408000A0A36 /* WebPKitLogo.webp in Resources */ = {isa = PBXBuildFile; fileRef = 2254A6412534AACE00813B84 /* WebPKitLogo.webp */; };
		224DC0642538A6E1000A0A36 /* WebP.framework in Frameworks */ = {isa = PBXBuildFile; fileRef = 224DC0632538A6E1000A0A36 /* WebP.framework */; };
		2254A5952534595300813B84 /* AppDelegate.swift in Sources */ = {isa = PBXBuildFile; fileRef = 2254A5942534595300813B84 /* AppDelegate.swift */; };
		2254A5992534595300813B84 /* ViewController.swift in Sources */ = {isa = PBXBuildFile; fileRef = 2254A5982534595300813B84 /* ViewController.swift */; };
		2254A59C2534595300813B84 /* Main.storyboard in Resources */ = {isa = PBXBuildFile; fileRef = 2254A59A2534595300813B84 /* Main.storyboard */; };
		2254A59E2534595300813B84 /* Assets.xcassets in Resources */ = {isa = PBXBuildFile; fileRef = 2254A59D2534595300813B84 /* Assets.xcassets */; };
		2254A5A12534595300813B84 /* LaunchScreen.storyboard in Resources */ = {isa = PBXBuildFile; fileRef = 2254A59F2534595300813B84 /* LaunchScreen.storyboard */; };
		2254A61425348EAD00813B84 /* WebP.xcframework in Frameworks */ = {isa = PBXBuildFile; fileRef = 2254A61325348EAD00813B84 /* WebP.xcframework */; };
		2254A6392534A70C00813B84 /* WebP.xcframework in Frameworks */ = {isa = PBXBuildFile; fileRef = 2254A61325348EAD00813B84 /* WebP.xcframework */; };
		2254A6422534AACE00813B84 /* WebPKitLogo.webp in Resources */ = {isa = PBXBuildFile; fileRef = 2254A6412534AACE00813B84 /* WebPKitLogo.webp */; };
		2282DDBE2538929B004913CF /* AppDelegate.swift in Sources */ = {isa = PBXBuildFile; fileRef = 2282DDBD2538929B004913CF /* AppDelegate.swift */; };
		2282DDC02538929B004913CF /* ViewController.swift in Sources */ = {isa = PBXBuildFile; fileRef = 2282DDBF2538929B004913CF /* ViewController.swift */; };
		2282DDC32538929B004913CF /* Main.storyboard in Resources */ = {isa = PBXBuildFile; fileRef = 2282DDC12538929B004913CF /* Main.storyboard */; };
		2282DDC52538929B004913CF /* Assets.xcassets in Resources */ = {isa = PBXBuildFile; fileRef = 2282DDC42538929B004913CF /* Assets.xcassets */; };
		2282DDC82538929B004913CF /* LaunchScreen.storyboard in Resources */ = {isa = PBXBuildFile; fileRef = 2282DDC62538929B004913CF /* LaunchScreen.storyboard */; };
		2282DDE325389453004913CF /* WebPKitLogo.webp in Resources */ = {isa = PBXBuildFile; fileRef = 2254A6412534AACE00813B84 /* WebPKitLogo.webp */; };
		2282DE052538964F004913CF /* WebP.framework in Frameworks */ = {isa = PBXBuildFile; fileRef = 2282DDEE253894B0004913CF /* WebP.framework */; };
		22985954253A0C6700D904A4 /* rect-horizontal.webp in Resources */ = {isa = PBXBuildFile; fileRef = 22985952253A0C6700D904A4 /* rect-horizontal.webp */; };
		22985955253A0C6700D904A4 /* rect-vertical.webp in Resources */ = {isa = PBXBuildFile; fileRef = 22985953253A0C6700D904A4 /* rect-vertical.webp */; };
		22CDC4A7253A933D00F7D212 /* WebPKit.framework in Frameworks */ = {isa = PBXBuildFile; fileRef = 22CDC4A0253A933D00F7D212 /* WebPKit.framework */; };
		22CDC4BA253A93C600F7D212 /* WebP.xcframework in Frameworks */ = {isa = PBXBuildFile; fileRef = 2254A61325348EAD00813B84 /* WebP.xcframework */; };
		22CDC4C9253A93D800F7D212 /* WebPKit.h in Headers */ = {isa = PBXBuildFile; fileRef = 228E7D70250C85E500C6B140 /* WebPKit.h */; settings = {ATTRIBUTES = (Public, ); }; };
		22CDC4D9253A93FD00F7D212 /* CGImage+WebPDecoding.swift in Sources */ = {isa = PBXBuildFile; fileRef = 2203B93C2537621E0069098A /* CGImage+WebPDecoding.swift */; };
		22CDC4DA253A93FD00F7D212 /* URL+WebPDecoding.swift in Sources */ = {isa = PBXBuildFile; fileRef = 2203B910253753D20069098A /* URL+WebPDecoding.swift */; };
		22CDC4DB253A93FD00F7D212 /* Data+WebPDecoding.swift in Sources */ = {isa = PBXBuildFile; fileRef = 2203B93525375E690069098A /* Data+WebPDecoding.swift */; };
		22CDC504253A94A900F7D212 /* WebPKit.framework in Frameworks */ = {isa = PBXBuildFile; fileRef = 22CDC4FD253A94A900F7D212 /* WebPKit.framework */; };
		22CDC526253A957400F7D212 /* WebPKit.h in Headers */ = {isa = PBXBuildFile; fileRef = 228E7D70250C85E500C6B140 /* WebPKit.h */; settings = {ATTRIBUTES = (Public, ); }; };
		22CDC52E253A957E00F7D212 /* NSImage+WebPDecoding.swift in Sources */ = {isa = PBXBuildFile; fileRef = 22E0C7842538AF96008F5183 /* NSImage+WebPDecoding.swift */; };
		22CDC52F253A957E00F7D212 /* CGImage+WebPDecoding.swift in Sources */ = {isa = PBXBuildFile; fileRef = 2203B93C2537621E0069098A /* CGImage+WebPDecoding.swift */; };
		22CDC530253A957E00F7D212 /* URL+WebPDecoding.swift in Sources */ = {isa = PBXBuildFile; fileRef = 2203B910253753D20069098A /* URL+WebPDecoding.swift */; };
		22CDC531253A957E00F7D212 /* Data+WebPDecoding.swift in Sources */ = {isa = PBXBuildFile; fileRef = 2203B93525375E690069098A /* Data+WebPDecoding.swift */; };
		22CDC539253A959700F7D212 /* WebP.framework in Frameworks */ = {isa = PBXBuildFile; fileRef = 22E0C7B42538B197008F5183 /* WebP.framework */; };
		22CDC54D253A977700F7D212 /* WebPKit.framework in Frameworks */ = {isa = PBXBuildFile; fileRef = 22CDC546253A977700F7D212 /* WebPKit.framework */; };
		22CDC561253A97B600F7D212 /* WebPKit.h in Headers */ = {isa = PBXBuildFile; fileRef = 228E7D70250C85E500C6B140 /* WebPKit.h */; settings = {ATTRIBUTES = (Public, ); }; };
		22CDC569253A97BB00F7D212 /* UIImage+WebPDecoding.swift in Sources */ = {isa = PBXBuildFile; fileRef = 2203B95725386D5D0069098A /* UIImage+WebPDecoding.swift */; };
		22CDC56A253A97BB00F7D212 /* CGImage+WebPDecoding.swift in Sources */ = {isa = PBXBuildFile; fileRef = 2203B93C2537621E0069098A /* CGImage+WebPDecoding.swift */; };
		22CDC56B253A97BB00F7D212 /* URL+WebPDecoding.swift in Sources */ = {isa = PBXBuildFile; fileRef = 2203B910253753D20069098A /* URL+WebPDecoding.swift */; };
		22CDC56C253A97BB00F7D212 /* Data+WebPDecoding.swift in Sources */ = {isa = PBXBuildFile; fileRef = 2203B93525375E690069098A /* Data+WebPDecoding.swift */; };
		22CDC574253A97C300F7D212 /* WebP.framework in Frameworks */ = {isa = PBXBuildFile; fileRef = 224DC0632538A6E1000A0A36 /* WebP.framework */; };
		22CDC588253A97FD00F7D212 /* WebPKit.framework in Frameworks */ = {isa = PBXBuildFile; fileRef = 22CDC581253A97FD00F7D212 /* WebPKit.framework */; };
		22CDC5A3253A986000F7D212 /* WebPKit.h in Headers */ = {isa = PBXBuildFile; fileRef = 228E7D70250C85E500C6B140 /* WebPKit.h */; settings = {ATTRIBUTES = (Public, ); }; };
		22CDC5AB253A986800F7D212 /* UIImage+WebPDecoding.swift in Sources */ = {isa = PBXBuildFile; fileRef = 2203B95725386D5D0069098A /* UIImage+WebPDecoding.swift */; };
		22CDC5AC253A986800F7D212 /* CGImage+WebPDecoding.swift in Sources */ = {isa = PBXBuildFile; fileRef = 2203B93C2537621E0069098A /* CGImage+WebPDecoding.swift */; };
		22CDC5AD253A986800F7D212 /* URL+WebPDecoding.swift in Sources */ = {isa = PBXBuildFile; fileRef = 2203B910253753D20069098A /* URL+WebPDecoding.swift */; };
		22CDC5AE253A986800F7D212 /* Data+WebPDecoding.swift in Sources */ = {isa = PBXBuildFile; fileRef = 2203B93525375E690069098A /* Data+WebPDecoding.swift */; };
		22CDC5B6253A987700F7D212 /* WebP.framework in Frameworks */ = {isa = PBXBuildFile; fileRef = 2282DDEE253894B0004913CF /* WebP.framework */; };
		22CDC5ED253A999600F7D212 /* UIKit.framework in Frameworks */ = {isa = PBXBuildFile; fileRef = 22CDC5EC253A999500F7D212 /* UIKit.framework */; };
		22CDC5F7253A99A200F7D212 /* AppKit.framework in Frameworks */ = {isa = PBXBuildFile; fileRef = 22CDC5F6253A99A200F7D212 /* AppKit.framework */; };
		22CDC5F9253A99A800F7D212 /* UIKit.framework in Frameworks */ = {isa = PBXBuildFile; fileRef = 22CDC5F8253A99A800F7D212 /* UIKit.framework */; };
		22CDC5FB253A99B100F7D212 /* WatchKit.framework in Frameworks */ = {isa = PBXBuildFile; fileRef = 22CDC5FA253A99B100F7D212 /* WatchKit.framework */; };
		22CDC614253A9A0000F7D212 /* NSImage+WebPDecoding.swift in Sources */ = {isa = PBXBuildFile; fileRef = 22E0C7842538AF96008F5183 /* NSImage+WebPDecoding.swift */; };
		22CDC635253A9ADA00F7D212 /* UIImage+WebPDecoding.swift in Sources */ = {isa = PBXBuildFile; fileRef = 2203B95725386D5D0069098A /* UIImage+WebPDecoding.swift */; };
		22E0C7472538AE60008F5183 /* AppDelegate.swift in Sources */ = {isa = PBXBuildFile; fileRef = 22E0C7462538AE60008F5183 /* AppDelegate.swift */; };
		22E0C7492538AE60008F5183 /* ContentView.swift in Sources */ = {isa = PBXBuildFile; fileRef = 22E0C7482538AE60008F5183 /* ContentView.swift */; };
		22E0C74B2538AE61008F5183 /* Assets.xcassets in Resources */ = {isa = PBXBuildFile; fileRef = 22E0C74A2538AE61008F5183 /* Assets.xcassets */; };
		22E0C7512538AE61008F5183 /* Main.storyboard in Resources */ = {isa = PBXBuildFile; fileRef = 22E0C74F2538AE61008F5183 /* Main.storyboard */; };
		22E0C7B52538B197008F5183 /* WebP.framework in Frameworks */ = {isa = PBXBuildFile; fileRef = 22E0C7B42538B197008F5183 /* WebP.framework */; };
		22E0C7C22538B1D6008F5183 /* WebPKitLogo.webp in Resources */ = {isa = PBXBuildFile; fileRef = 2254A6412534AACE00813B84 /* WebPKitLogo.webp */; };
/* End PBXBuildFile section */

/* Begin PBXContainerItemProxy section */
		224DBFF12538A1D3000A0A36 /* PBXContainerItemProxy */ = {
			isa = PBXContainerItemProxy;
			containerPortal = 228E7D64250C85E500C6B140 /* Project object */;
			proxyType = 1;
			remoteGlobalIDString = 224DBFEE2538A1D3000A0A36;
			remoteInfo = "WebPKitExample-watchOS WatchKit App";
		};
		224DC0002538A1D4000A0A36 /* PBXContainerItemProxy */ = {
			isa = PBXContainerItemProxy;
			containerPortal = 228E7D64250C85E500C6B140 /* Project object */;
			proxyType = 1;
			remoteGlobalIDString = 224DBFFD2538A1D4000A0A36;
			remoteInfo = "WebPKitExample-watchOS WatchKit Extension";
		};
		2254A6302534A6E800813B84 /* PBXContainerItemProxy */ = {
			isa = PBXContainerItemProxy;
			containerPortal = 228E7D64250C85E500C6B140 /* Project object */;
			proxyType = 1;
			remoteGlobalIDString = 2254A5912534595300813B84;
			remoteInfo = "WebPKitExample-iOS";
		};
		22CDC4A5253A933D00F7D212 /* PBXContainerItemProxy */ = {
			isa = PBXContainerItemProxy;
			containerPortal = 228E7D64250C85E500C6B140 /* Project object */;
			proxyType = 1;
			remoteGlobalIDString = 22CDC49F253A933D00F7D212;
			remoteInfo = WebPKitFramework;
		};
		22CDC502253A94A900F7D212 /* PBXContainerItemProxy */ = {
			isa = PBXContainerItemProxy;
			containerPortal = 228E7D64250C85E500C6B140 /* Project object */;
			proxyType = 1;
			remoteGlobalIDString = 22CDC4FC253A94A900F7D212;
			remoteInfo = WebPKitFramework;
		};
		22CDC586253A97FD00F7D212 /* PBXContainerItemProxy */ = {
			isa = PBXContainerItemProxy;
			containerPortal = 228E7D64250C85E500C6B140 /* Project object */;
			proxyType = 1;
			remoteGlobalIDString = 22CDC580253A97FD00F7D212;
			remoteInfo = WebPKitFramework;
		};
		22CDC64E253A9CF400F7D212 /* PBXContainerItemProxy */ = {
			isa = PBXContainerItemProxy;
			containerPortal = 228E7D64250C85E500C6B140 /* Project object */;
			proxyType = 1;
			remoteGlobalIDString = 22CDC545253A977700F7D212;
			remoteInfo = "WebPKit-watchOS";
		};
/* End PBXContainerItemProxy section */

/* Begin PBXCopyFilesBuildPhase section */
		224DC00E2538A1D4000A0A36 /* Embed Watch Content */ = {
			isa = PBXCopyFilesBuildPhase;
			buildActionMask = 2147483647;
			dstPath = "$(CONTENTS_FOLDER_PATH)/Watch";
			dstSubfolderSpec = 16;
			files = (
				224DBFF02538A1D3000A0A36 /* WebPKitExample-watchOS-App.app in Embed Watch Content */,
			);
			name = "Embed Watch Content";
			runOnlyForDeploymentPostprocessing = 0;
		};
		224DC0112538A1D4000A0A36 /* Embed App Extensions */ = {
			isa = PBXCopyFilesBuildPhase;
			buildActionMask = 2147483647;
			dstPath = "";
			dstSubfolderSpec = 13;
			files = (
				224DBFFF2538A1D4000A0A36 /* WebPKitExample-watchOS-Extension.appex in Embed App Extensions */,
			);
			name = "Embed App Extensions";
			runOnlyForDeploymentPostprocessing = 0;
		};
/* End PBXCopyFilesBuildPhase section */

/* Begin PBXFileReference section */
		2203B910253753D20069098A /* URL+WebPDecoding.swift */ = {isa = PBXFileReference; lastKnownFileType = sourcecode.swift; path = "URL+WebPDecoding.swift"; sourceTree = "<group>"; };
		2203B921253759B10069098A /* WebPDecodingURLTests.swift */ = {isa = PBXFileReference; lastKnownFileType = sourcecode.swift; path = WebPDecodingURLTests.swift; sourceTree = "<group>"; };
		2203B92825375B9E0069098A /* logo-lossy.WEBP */ = {isa = PBXFileReference; lastKnownFileType = file; path = "logo-lossy.WEBP"; sourceTree = "<group>"; };
		2203B92925375B9E0069098A /* logo-lossless.webp */ = {isa = PBXFileReference; lastKnownFileType = file; path = "logo-lossless.webp"; sourceTree = "<group>"; };
		2203B93525375E690069098A /* Data+WebPDecoding.swift */ = {isa = PBXFileReference; lastKnownFileType = sourcecode.swift; path = "Data+WebPDecoding.swift"; sourceTree = "<group>"; };
		2203B93C2537621E0069098A /* CGImage+WebPDecoding.swift */ = {isa = PBXFileReference; lastKnownFileType = sourcecode.swift; path = "CGImage+WebPDecoding.swift"; sourceTree = "<group>"; };
		2203B94C253769AC0069098A /* WebPDecodingDataTests.swift */ = {isa = PBXFileReference; lastKnownFileType = sourcecode.swift; path = WebPDecodingDataTests.swift; sourceTree = "<group>"; };
		2203B95325376AC60069098A /* WebPDecodingCGImageTests.swift */ = {isa = PBXFileReference; lastKnownFileType = sourcecode.swift; path = WebPDecodingCGImageTests.swift; sourceTree = "<group>"; };
		2203B95725386D5D0069098A /* UIImage+WebPDecoding.swift */ = {isa = PBXFileReference; lastKnownFileType = sourcecode.swift; path = "UIImage+WebPDecoding.swift"; sourceTree = "<group>"; };
		2203B964253881B60069098A /* WebPDecodingUIImageTests.swift */ = {isa = PBXFileReference; lastKnownFileType = sourcecode.swift; path = WebPDecodingUIImageTests.swift; sourceTree = "<group>"; };
		2203B96B253882300069098A /* WebPDecodingTests.swift */ = {isa = PBXFileReference; lastKnownFileType = sourcecode.swift; path = WebPDecodingTests.swift; sourceTree = "<group>"; };
		224DBFEC2538A1D2000A0A36 /* WebPKitExample-watchOS.app */ = {isa = PBXFileReference; explicitFileType = wrapper.application; includeInIndex = 0; path = "WebPKitExample-watchOS.app"; sourceTree = BUILT_PRODUCTS_DIR; };
		224DBFEF2538A1D3000A0A36 /* WebPKitExample-watchOS-App.app */ = {isa = PBXFileReference; explicitFileType = wrapper.application; includeInIndex = 0; path = "WebPKitExample-watchOS-App.app"; sourceTree = BUILT_PRODUCTS_DIR; };
		224DBFF52538A1D3000A0A36 /* Base */ = {isa = PBXFileReference; lastKnownFileType = file.storyboard; name = Base; path = Base.lproj/Interface.storyboard; sourceTree = "<group>"; };
		224DBFF72538A1D3000A0A36 /* Assets.xcassets */ = {isa = PBXFileReference; lastKnownFileType = folder.assetcatalog; path = Assets.xcassets; sourceTree = "<group>"; };
		224DBFF92538A1D3000A0A36 /* Info.plist */ = {isa = PBXFileReference; lastKnownFileType = text.plist.xml; path = Info.plist; sourceTree = "<group>"; };
		224DBFFE2538A1D4000A0A36 /* WebPKitExample-watchOS-Extension.appex */ = {isa = PBXFileReference; explicitFileType = "wrapper.app-extension"; includeInIndex = 0; path = "WebPKitExample-watchOS-Extension.appex"; sourceTree = BUILT_PRODUCTS_DIR; };
		224DC0032538A1D4000A0A36 /* InterfaceController.swift */ = {isa = PBXFileReference; lastKnownFileType = sourcecode.swift; path = InterfaceController.swift; sourceTree = "<group>"; };
		224DC0052538A1D4000A0A36 /* ExtensionDelegate.swift */ = {isa = PBXFileReference; lastKnownFileType = sourcecode.swift; path = ExtensionDelegate.swift; sourceTree = "<group>"; };
		224DC0092538A1D4000A0A36 /* Assets.xcassets */ = {isa = PBXFileReference; lastKnownFileType = folder.assetcatalog; path = Assets.xcassets; sourceTree = "<group>"; };
		224DC00B2538A1D4000A0A36 /* Info.plist */ = {isa = PBXFileReference; lastKnownFileType = text.plist.xml; path = Info.plist; sourceTree = "<group>"; };
		224DC0632538A6E1000A0A36 /* WebP.framework */ = {isa = PBXFileReference; lastKnownFileType = wrapper.framework; path = WebP.framework; sourceTree = "<group>"; };
		2254A5922534595300813B84 /* WebPKitExample-iOS.app */ = {isa = PBXFileReference; explicitFileType = wrapper.application; includeInIndex = 0; path = "WebPKitExample-iOS.app"; sourceTree = BUILT_PRODUCTS_DIR; };
		2254A5942534595300813B84 /* AppDelegate.swift */ = {isa = PBXFileReference; lastKnownFileType = sourcecode.swift; path = AppDelegate.swift; sourceTree = "<group>"; };
		2254A5982534595300813B84 /* ViewController.swift */ = {isa = PBXFileReference; lastKnownFileType = sourcecode.swift; path = ViewController.swift; sourceTree = "<group>"; };
		2254A59B2534595300813B84 /* Base */ = {isa = PBXFileReference; lastKnownFileType = file.storyboard; name = Base; path = Base.lproj/Main.storyboard; sourceTree = "<group>"; };
		2254A59D2534595300813B84 /* Assets.xcassets */ = {isa = PBXFileReference; lastKnownFileType = folder.assetcatalog; path = Assets.xcassets; sourceTree = "<group>"; };
		2254A5A02534595300813B84 /* Base */ = {isa = PBXFileReference; lastKnownFileType = file.storyboard; name = Base; path = Base.lproj/LaunchScreen.storyboard; sourceTree = "<group>"; };
		2254A5A22534595300813B84 /* Info.plist */ = {isa = PBXFileReference; lastKnownFileType = text.plist.xml; path = Info.plist; sourceTree = "<group>"; };
		2254A5A92534596D00813B84 /* WebPKitExample-iOS.entitlements */ = {isa = PBXFileReference; lastKnownFileType = text.plist.entitlements; path = "WebPKitExample-iOS.entitlements"; sourceTree = "<group>"; };
		2254A61325348EAD00813B84 /* WebP.xcframework */ = {isa = PBXFileReference; lastKnownFileType = wrapper.xcframework; path = WebP.xcframework; sourceTree = "<group>"; };
		2254A62B2534A6E800813B84 /* WebPKitTests.xctest */ = {isa = PBXFileReference; explicitFileType = wrapper.cfbundle; includeInIndex = 0; path = WebPKitTests.xctest; sourceTree = BUILT_PRODUCTS_DIR; };
		2254A62F2534A6E800813B84 /* Info.plist */ = {isa = PBXFileReference; lastKnownFileType = text.plist.xml; path = Info.plist; sourceTree = "<group>"; };
		2254A6412534AACE00813B84 /* WebPKitLogo.webp */ = {isa = PBXFileReference; lastKnownFileType = file; path = WebPKitLogo.webp; sourceTree = "<group>"; };
		2282DDBB2538929B004913CF /* WebPKitExample-tvOS.app */ = {isa = PBXFileReference; explicitFileType = wrapper.application; includeInIndex = 0; path = "WebPKitExample-tvOS.app"; sourceTree = BUILT_PRODUCTS_DIR; };
		2282DDBD2538929B004913CF /* AppDelegate.swift */ = {isa = PBXFileReference; lastKnownFileType = sourcecode.swift; path = AppDelegate.swift; sourceTree = "<group>"; };
		2282DDBF2538929B004913CF /* ViewController.swift */ = {isa = PBXFileReference; lastKnownFileType = sourcecode.swift; path = ViewController.swift; sourceTree = "<group>"; };
		2282DDC22538929B004913CF /* Base */ = {isa = PBXFileReference; lastKnownFileType = file.storyboard; name = Base; path = Base.lproj/Main.storyboard; sourceTree = "<group>"; };
		2282DDC42538929B004913CF /* Assets.xcassets */ = {isa = PBXFileReference; lastKnownFileType = folder.assetcatalog; path = Assets.xcassets; sourceTree = "<group>"; };
		2282DDC72538929B004913CF /* Base */ = {isa = PBXFileReference; lastKnownFileType = file.storyboard; name = Base; path = Base.lproj/LaunchScreen.storyboard; sourceTree = "<group>"; };
		2282DDC92538929B004913CF /* Info.plist */ = {isa = PBXFileReference; lastKnownFileType = text.plist.xml; path = Info.plist; sourceTree = "<group>"; };
		2282DDEE253894B0004913CF /* WebP.framework */ = {isa = PBXFileReference; lastKnownFileType = wrapper.framework; path = WebP.framework; sourceTree = "<group>"; };
		22836082250C94DD00E46CD3 /* Info.plist */ = {isa = PBXFileReference; fileEncoding = 4; lastKnownFileType = text.plist.xml; path = Info.plist; sourceTree = "<group>"; };
		228E7D70250C85E500C6B140 /* WebPKit.h */ = {isa = PBXFileReference; lastKnownFileType = sourcecode.c.h; path = WebPKit.h; sourceTree = "<group>"; };
		22985952253A0C6700D904A4 /* rect-horizontal.webp */ = {isa = PBXFileReference; lastKnownFileType = file; path = "rect-horizontal.webp"; sourceTree = "<group>"; };
		22985953253A0C6700D904A4 /* rect-vertical.webp */ = {isa = PBXFileReference; lastKnownFileType = file; path = "rect-vertical.webp"; sourceTree = "<group>"; };
		22CDC4A0253A933D00F7D212 /* WebPKit.framework */ = {isa = PBXFileReference; explicitFileType = wrapper.framework; includeInIndex = 0; path = WebPKit.framework; sourceTree = BUILT_PRODUCTS_DIR; };
		22CDC4FD253A94A900F7D212 /* WebPKit.framework */ = {isa = PBXFileReference; explicitFileType = wrapper.framework; includeInIndex = 0; path = WebPKit.framework; sourceTree = BUILT_PRODUCTS_DIR; };
		22CDC546253A977700F7D212 /* WebPKit.framework */ = {isa = PBXFileReference; explicitFileType = wrapper.framework; includeInIndex = 0; path = WebPKit.framework; sourceTree = BUILT_PRODUCTS_DIR; };
		22CDC581253A97FD00F7D212 /* WebPKit.framework */ = {isa = PBXFileReference; explicitFileType = wrapper.framework; includeInIndex = 0; path = WebPKit.framework; sourceTree = BUILT_PRODUCTS_DIR; };
		22CDC5EC253A999500F7D212 /* UIKit.framework */ = {isa = PBXFileReference; lastKnownFileType = wrapper.framework; name = UIKit.framework; path = System/iOSSupport/System/Library/Frameworks/UIKit.framework; sourceTree = SDKROOT; };
		22CDC5F6253A99A200F7D212 /* AppKit.framework */ = {isa = PBXFileReference; lastKnownFileType = wrapper.framework; name = AppKit.framework; path = System/Library/Frameworks/AppKit.framework; sourceTree = SDKROOT; };
		22CDC5F8253A99A800F7D212 /* UIKit.framework */ = {isa = PBXFileReference; lastKnownFileType = wrapper.framework; name = UIKit.framework; path = Platforms/AppleTVOS.platform/Developer/SDKs/AppleTVOS14.0.sdk/System/Library/Frameworks/UIKit.framework; sourceTree = DEVELOPER_DIR; };
		22CDC5FA253A99B100F7D212 /* WatchKit.framework */ = {isa = PBXFileReference; lastKnownFileType = wrapper.framework; name = WatchKit.framework; path = Platforms/WatchOS.platform/Developer/SDKs/WatchOS7.0.sdk/System/Library/Frameworks/WatchKit.framework; sourceTree = DEVELOPER_DIR; };
		22E0C7442538AE60008F5183 /* WebPKitExample-macOS.app */ = {isa = PBXFileReference; explicitFileType = wrapper.application; includeInIndex = 0; path = "WebPKitExample-macOS.app"; sourceTree = BUILT_PRODUCTS_DIR; };
		22E0C7462538AE60008F5183 /* AppDelegate.swift */ = {isa = PBXFileReference; lastKnownFileType = sourcecode.swift; path = AppDelegate.swift; sourceTree = "<group>"; };
		22E0C7482538AE60008F5183 /* ContentView.swift */ = {isa = PBXFileReference; lastKnownFileType = sourcecode.swift; path = ContentView.swift; sourceTree = "<group>"; };
		22E0C74A2538AE61008F5183 /* Assets.xcassets */ = {isa = PBXFileReference; lastKnownFileType = folder.assetcatalog; path = Assets.xcassets; sourceTree = "<group>"; };
		22E0C7502538AE61008F5183 /* Base */ = {isa = PBXFileReference; lastKnownFileType = file.storyboard; name = Base; path = Base.lproj/Main.storyboard; sourceTree = "<group>"; };
		22E0C7522538AE61008F5183 /* Info.plist */ = {isa = PBXFileReference; lastKnownFileType = text.plist.xml; path = Info.plist; sourceTree = "<group>"; };
		22E0C7532538AE61008F5183 /* WebPKitExample_macOS.entitlements */ = {isa = PBXFileReference; lastKnownFileType = text.plist.entitlements; path = WebPKitExample_macOS.entitlements; sourceTree = "<group>"; };
		22E0C7842538AF96008F5183 /* NSImage+WebPDecoding.swift */ = {isa = PBXFileReference; lastKnownFileType = sourcecode.swift; path = "NSImage+WebPDecoding.swift"; sourceTree = "<group>"; };
		22E0C7B42538B197008F5183 /* WebP.framework */ = {isa = PBXFileReference; lastKnownFileType = wrapper.framework; path = WebP.framework; sourceTree = "<group>"; };
/* End PBXFileReference section */

/* Begin PBXFrameworksBuildPhase section */
		224DBFFB2538A1D4000A0A36 /* Frameworks */ = {
			isa = PBXFrameworksBuildPhase;
			buildActionMask = 2147483647;
			files = (
				22CDC54D253A977700F7D212 /* WebPKit.framework in Frameworks */,
				224DC0642538A6E1000A0A36 /* WebP.framework in Frameworks */,
			);
			runOnlyForDeploymentPostprocessing = 0;
		};
		2254A58F2534595300813B84 /* Frameworks */ = {
			isa = PBXFrameworksBuildPhase;
			buildActionMask = 2147483647;
			files = (
				22CDC4A7253A933D00F7D212 /* WebPKit.framework in Frameworks */,
				2254A61425348EAD00813B84 /* WebP.xcframework in Frameworks */,
			);
			runOnlyForDeploymentPostprocessing = 0;
		};
		2254A6282534A6E800813B84 /* Frameworks */ = {
			isa = PBXFrameworksBuildPhase;
			buildActionMask = 2147483647;
			files = (
				2254A6392534A70C00813B84 /* WebP.xcframework in Frameworks */,
			);
			runOnlyForDeploymentPostprocessing = 0;
		};
		2282DDB82538929B004913CF /* Frameworks */ = {
			isa = PBXFrameworksBuildPhase;
			buildActionMask = 2147483647;
			files = (
				22CDC588253A97FD00F7D212 /* WebPKit.framework in Frameworks */,
				2282DE052538964F004913CF /* WebP.framework in Frameworks */,
			);
			runOnlyForDeploymentPostprocessing = 0;
		};
		22CDC49D253A933D00F7D212 /* Frameworks */ = {
			isa = PBXFrameworksBuildPhase;
			buildActionMask = 2147483647;
			files = (
				22CDC5ED253A999600F7D212 /* UIKit.framework in Frameworks */,
				22CDC4BA253A93C600F7D212 /* WebP.xcframework in Frameworks */,
			);
			runOnlyForDeploymentPostprocessing = 0;
		};
		22CDC4FA253A94A900F7D212 /* Frameworks */ = {
			isa = PBXFrameworksBuildPhase;
			buildActionMask = 2147483647;
			files = (
				22CDC5F7253A99A200F7D212 /* AppKit.framework in Frameworks */,
				22CDC539253A959700F7D212 /* WebP.framework in Frameworks */,
			);
			runOnlyForDeploymentPostprocessing = 0;
		};
		22CDC543253A977700F7D212 /* Frameworks */ = {
			isa = PBXFrameworksBuildPhase;
			buildActionMask = 2147483647;
			files = (
				22CDC5FB253A99B100F7D212 /* WatchKit.framework in Frameworks */,
				22CDC574253A97C300F7D212 /* WebP.framework in Frameworks */,
			);
			runOnlyForDeploymentPostprocessing = 0;
		};
		22CDC57E253A97FD00F7D212 /* Frameworks */ = {
			isa = PBXFrameworksBuildPhase;
			buildActionMask = 2147483647;
			files = (
				22CDC5F9253A99A800F7D212 /* UIKit.framework in Frameworks */,
				22CDC5B6253A987700F7D212 /* WebP.framework in Frameworks */,
			);
			runOnlyForDeploymentPostprocessing = 0;
		};
		22E0C7412538AE60008F5183 /* Frameworks */ = {
			isa = PBXFrameworksBuildPhase;
			buildActionMask = 2147483647;
			files = (
				22CDC504253A94A900F7D212 /* WebPKit.framework in Frameworks */,
				22E0C7B52538B197008F5183 /* WebP.framework in Frameworks */,
			);
			runOnlyForDeploymentPostprocessing = 0;
		};
/* End PBXFrameworksBuildPhase section */

/* Begin PBXGroup section */
		2203B9192537548D0069098A /* Decoding */ = {
			isa = PBXGroup;
			children = (
				2203B95725386D5D0069098A /* UIImage+WebPDecoding.swift */,
				22E0C7842538AF96008F5183 /* NSImage+WebPDecoding.swift */,
				22E0C7CA253930A5008F5183 /* Core */,
				22E0C7C925393099008F5183 /* Utilities */,
			);
			path = Decoding;
			sourceTree = "<group>";
		};
		2203B9202537598C0069098A /* Decoding */ = {
			isa = PBXGroup;
			children = (
				2203B96B253882300069098A /* WebPDecodingTests.swift */,
				2203B921253759B10069098A /* WebPDecodingURLTests.swift */,
				2203B94C253769AC0069098A /* WebPDecodingDataTests.swift */,
				2203B95325376AC60069098A /* WebPDecodingCGImageTests.swift */,
				2203B964253881B60069098A /* WebPDecodingUIImageTests.swift */,
			);
			path = Decoding;
			sourceTree = "<group>";
		};
		2203B92725375B9E0069098A /* Resources */ = {
			isa = PBXGroup;
			children = (
				22985952253A0C6700D904A4 /* rect-horizontal.webp */,
				22985953253A0C6700D904A4 /* rect-vertical.webp */,
				2203B92825375B9E0069098A /* logo-lossy.WEBP */,
				2203B92925375B9E0069098A /* logo-lossless.webp */,
			);
			path = Resources;
			sourceTree = "<group>";
		};
		224DBFF32538A1D3000A0A36 /* App */ = {
			isa = PBXGroup;
			children = (
				224DBFF42538A1D3000A0A36 /* Interface.storyboard */,
				224DBFF72538A1D3000A0A36 /* Assets.xcassets */,
				224DBFF92538A1D3000A0A36 /* Info.plist */,
			);
			path = App;
			sourceTree = "<group>";
		};
		224DC0022538A1D4000A0A36 /* Extension */ = {
			isa = PBXGroup;
			children = (
				224DC0032538A1D4000A0A36 /* InterfaceController.swift */,
				224DC0052538A1D4000A0A36 /* ExtensionDelegate.swift */,
				224DC0092538A1D4000A0A36 /* Assets.xcassets */,
				224DC00B2538A1D4000A0A36 /* Info.plist */,
			);
			path = Extension;
			sourceTree = "<group>";
		};
		224DC01D2538A1F1000A0A36 /* WebPKitExample-watchOS */ = {
			isa = PBXGroup;
			children = (
				224DBFF32538A1D3000A0A36 /* App */,
				224DC0022538A1D4000A0A36 /* Extension */,
				224DC0632538A6E1000A0A36 /* WebP.framework */,
			);
			path = "WebPKitExample-watchOS";
			sourceTree = "<group>";
		};
		2254A5932534595300813B84 /* WebPKitExample-iOS */ = {
			isa = PBXGroup;
			children = (
				2254A5982534595300813B84 /* ViewController.swift */,
				2282DDAE2538916D004913CF /* Resources */,
				2282DDD3253892B9004913CF /* Sources */,
				2282DDAD2538913D004913CF /* Supporting */,
				2254A61325348EAD00813B84 /* WebP.xcframework */,
				2254A6412534AACE00813B84 /* WebPKitLogo.webp */,
			);
			path = "WebPKitExample-iOS";
			sourceTree = "<group>";
		};
		2254A62C2534A6E800813B84 /* WebPKitTests */ = {
			isa = PBXGroup;
			children = (
				2203B9202537598C0069098A /* Decoding */,
				2203B92725375B9E0069098A /* Resources */,
				2254A62F2534A6E800813B84 /* Info.plist */,
			);
			path = WebPKitTests;
			sourceTree = "<group>";
		};
		2282DDAD2538913D004913CF /* Supporting */ = {
			isa = PBXGroup;
			children = (
				2254A5A92534596D00813B84 /* WebPKitExample-iOS.entitlements */,
				2254A5A22534595300813B84 /* Info.plist */,
			);
			path = Supporting;
			sourceTree = "<group>";
		};
		2282DDAE2538916D004913CF /* Resources */ = {
			isa = PBXGroup;
			children = (
				2254A59D2534595300813B84 /* Assets.xcassets */,
				2254A59A2534595300813B84 /* Main.storyboard */,
				2254A59F2534595300813B84 /* LaunchScreen.storyboard */,
			);
			path = Resources;
			sourceTree = "<group>";
		};
		2282DDBC2538929B004913CF /* WebPKitExample-tvOS */ = {
			isa = PBXGroup;
			children = (
				2282DDBF2538929B004913CF /* ViewController.swift */,
				2282DDD5253892DA004913CF /* Resources */,
				2282DDD4253892D1004913CF /* Sources */,
				2282DDD6253892E7004913CF /* Supporting */,
				2282DDEE253894B0004913CF /* WebP.framework */,
			);
			path = "WebPKitExample-tvOS";
			sourceTree = "<group>";
		};
		2282DDD3253892B9004913CF /* Sources */ = {
			isa = PBXGroup;
			children = (
				2254A5942534595300813B84 /* AppDelegate.swift */,
			);
			path = Sources;
			sourceTree = "<group>";
		};
		2282DDD4253892D1004913CF /* Sources */ = {
			isa = PBXGroup;
			children = (
				2282DDBD2538929B004913CF /* AppDelegate.swift */,
			);
			path = Sources;
			sourceTree = "<group>";
		};
		2282DDD5253892DA004913CF /* Resources */ = {
			isa = PBXGroup;
			children = (
				2282DDC42538929B004913CF /* Assets.xcassets */,
				2282DDC12538929B004913CF /* Main.storyboard */,
				2282DDC62538929B004913CF /* LaunchScreen.storyboard */,
			);
			path = Resources;
			sourceTree = "<group>";
		};
		2282DDD6253892E7004913CF /* Supporting */ = {
			isa = PBXGroup;
			children = (
				2282DDC92538929B004913CF /* Info.plist */,
			);
			path = Supporting;
			sourceTree = "<group>";
		};
		2282DE042538964F004913CF /* Frameworks */ = {
			isa = PBXGroup;
			children = (
				22CDC5FA253A99B100F7D212 /* WatchKit.framework */,
				22CDC5F8253A99A800F7D212 /* UIKit.framework */,
				22CDC5F6253A99A200F7D212 /* AppKit.framework */,
				22CDC5EC253A999500F7D212 /* UIKit.framework */,
			);
			name = Frameworks;
			sourceTree = "<group>";
		};
		22836081250C94DD00E46CD3 /* Supporting */ = {
			isa = PBXGroup;
			children = (
				228E7D70250C85E500C6B140 /* WebPKit.h */,
				22836082250C94DD00E46CD3 /* Info.plist */,
			);
			path = Supporting;
			sourceTree = "<group>";
		};
		228E7D63250C85E500C6B140 = {
			isa = PBXGroup;
			children = (
				228E7D6F250C85E500C6B140 /* WebPKit */,
				2254A62C2534A6E800813B84 /* WebPKitTests */,
				2254A5932534595300813B84 /* WebPKitExample-iOS */,
				22E0C7452538AE60008F5183 /* WebPKitExample-macOS */,
				2282DDBC2538929B004913CF /* WebPKitExample-tvOS */,
				224DC01D2538A1F1000A0A36 /* WebPKitExample-watchOS */,
				228E7D6E250C85E500C6B140 /* Products */,
				2282DE042538964F004913CF /* Frameworks */,
			);
			sourceTree = "<group>";
		};
		228E7D6E250C85E500C6B140 /* Products */ = {
			isa = PBXGroup;
			children = (
				2254A5922534595300813B84 /* WebPKitExample-iOS.app */,
				2254A62B2534A6E800813B84 /* WebPKitTests.xctest */,
				2282DDBB2538929B004913CF /* WebPKitExample-tvOS.app */,
				224DBFEC2538A1D2000A0A36 /* WebPKitExample-watchOS.app */,
				224DBFEF2538A1D3000A0A36 /* WebPKitExample-watchOS-App.app */,
				224DBFFE2538A1D4000A0A36 /* WebPKitExample-watchOS-Extension.appex */,
				22E0C7442538AE60008F5183 /* WebPKitExample-macOS.app */,
				22CDC4A0253A933D00F7D212 /* WebPKit.framework */,
				22CDC4FD253A94A900F7D212 /* WebPKit.framework */,
				22CDC546253A977700F7D212 /* WebPKit.framework */,
				22CDC581253A97FD00F7D212 /* WebPKit.framework */,
			);
			name = Products;
			sourceTree = "<group>";
		};
		228E7D6F250C85E500C6B140 /* WebPKit */ = {
			isa = PBXGroup;
			children = (
				2203B9192537548D0069098A /* Decoding */,
				22836081250C94DD00E46CD3 /* Supporting */,
			);
			path = WebPKit;
			sourceTree = "<group>";
		};
		22E0C7452538AE60008F5183 /* WebPKitExample-macOS */ = {
			isa = PBXGroup;
			children = (
				22E0C7482538AE60008F5183 /* ContentView.swift */,
				22E0C76B2538AED1008F5183 /* Sources */,
				22E0C76A2538AEBF008F5183 /* Resources */,
				22E0C7632538AEA3008F5183 /* Supporting */,
				22E0C7B42538B197008F5183 /* WebP.framework */,
			);
			path = "WebPKitExample-macOS";
			sourceTree = "<group>";
		};
		22E0C7632538AEA3008F5183 /* Supporting */ = {
			isa = PBXGroup;
			children = (
				22E0C7522538AE61008F5183 /* Info.plist */,
				22E0C7532538AE61008F5183 /* WebPKitExample_macOS.entitlements */,
			);
			path = Supporting;
			sourceTree = "<group>";
		};
		22E0C76A2538AEBF008F5183 /* Resources */ = {
			isa = PBXGroup;
			children = (
				22E0C74A2538AE61008F5183 /* Assets.xcassets */,
				22E0C74F2538AE61008F5183 /* Main.storyboard */,
			);
			path = Resources;
			sourceTree = "<group>";
		};
		22E0C76B2538AED1008F5183 /* Sources */ = {
			isa = PBXGroup;
			children = (
				22E0C7462538AE60008F5183 /* AppDelegate.swift */,
			);
			path = Sources;
			sourceTree = "<group>";
		};
		22E0C7C925393099008F5183 /* Utilities */ = {
			isa = PBXGroup;
			children = (
				2203B93525375E690069098A /* Data+WebPDecoding.swift */,
				2203B910253753D20069098A /* URL+WebPDecoding.swift */,
			);
			path = Utilities;
			sourceTree = "<group>";
		};
		22E0C7CA253930A5008F5183 /* Core */ = {
			isa = PBXGroup;
			children = (
				2203B93C2537621E0069098A /* CGImage+WebPDecoding.swift */,
			);
			path = Core;
			sourceTree = "<group>";
		};
/* End PBXGroup section */

/* Begin PBXHeadersBuildPhase section */
		22CDC49B253A933D00F7D212 /* Headers */ = {
			isa = PBXHeadersBuildPhase;
			buildActionMask = 2147483647;
			files = (
				22CDC4C9253A93D800F7D212 /* WebPKit.h in Headers */,
			);
			runOnlyForDeploymentPostprocessing = 0;
		};
		22CDC4F8253A94A900F7D212 /* Headers */ = {
			isa = PBXHeadersBuildPhase;
			buildActionMask = 2147483647;
			files = (
				22CDC526253A957400F7D212 /* WebPKit.h in Headers */,
			);
			runOnlyForDeploymentPostprocessing = 0;
		};
		22CDC541253A977700F7D212 /* Headers */ = {
			isa = PBXHeadersBuildPhase;
			buildActionMask = 2147483647;
			files = (
				22CDC561253A97B600F7D212 /* WebPKit.h in Headers */,
			);
			runOnlyForDeploymentPostprocessing = 0;
		};
		22CDC57C253A97FD00F7D212 /* Headers */ = {
			isa = PBXHeadersBuildPhase;
			buildActionMask = 2147483647;
			files = (
				22CDC5A3253A986000F7D212 /* WebPKit.h in Headers */,
			);
			runOnlyForDeploymentPostprocessing = 0;
		};
/* End PBXHeadersBuildPhase section */

/* Begin PBXNativeTarget section */
		224DBFEB2538A1D2000A0A36 /* WebPKitExample-watchOS */ = {
			isa = PBXNativeTarget;
			buildConfigurationList = 224DC0162538A1D4000A0A36 /* Build configuration list for PBXNativeTarget "WebPKitExample-watchOS" */;
			buildPhases = (
				224DBFEA2538A1D2000A0A36 /* Resources */,
				224DC00E2538A1D4000A0A36 /* Embed Watch Content */,
			);
			buildRules = (
			);
			dependencies = (
				224DBFF22538A1D3000A0A36 /* PBXTargetDependency */,
			);
			name = "WebPKitExample-watchOS";
			productName = "WebPKitExample-watchOS";
			productReference = 224DBFEC2538A1D2000A0A36 /* WebPKitExample-watchOS.app */;
			productType = "com.apple.product-type.application.watchapp2-container";
		};
		224DBFEE2538A1D3000A0A36 /* WebPKitExample-watchOS-App */ = {
			isa = PBXNativeTarget;
			buildConfigurationList = 224DC0152538A1D4000A0A36 /* Build configuration list for PBXNativeTarget "WebPKitExample-watchOS-App" */;
			buildPhases = (
				224DBFED2538A1D3000A0A36 /* Resources */,
				224DC0112538A1D4000A0A36 /* Embed App Extensions */,
			);
			buildRules = (
			);
			dependencies = (
				224DC0012538A1D4000A0A36 /* PBXTargetDependency */,
			);
			name = "WebPKitExample-watchOS-App";
			productName = "WebPKitExample-watchOS WatchKit App";
			productReference = 224DBFEF2538A1D3000A0A36 /* WebPKitExample-watchOS-App.app */;
			productType = "com.apple.product-type.application.watchapp2";
		};
		224DBFFD2538A1D4000A0A36 /* WebPKitExample-watchOS-Extension */ = {
			isa = PBXNativeTarget;
			buildConfigurationList = 224DC0142538A1D4000A0A36 /* Build configuration list for PBXNativeTarget "WebPKitExample-watchOS-Extension" */;
			buildPhases = (
				224DBFFA2538A1D4000A0A36 /* Sources */,
				224DBFFB2538A1D4000A0A36 /* Frameworks */,
				224DBFFC2538A1D4000A0A36 /* Resources */,
			);
			buildRules = (
			);
			dependencies = (
				22CDC64F253A9CF400F7D212 /* PBXTargetDependency */,
			);
			name = "WebPKitExample-watchOS-Extension";
			productName = "WebPKitExample-watchOS WatchKit Extension";
			productReference = 224DBFFE2538A1D4000A0A36 /* WebPKitExample-watchOS-Extension.appex */;
			productType = "com.apple.product-type.watchkit2-extension";
		};
		2254A5912534595300813B84 /* WebPKitExample-iOS */ = {
			isa = PBXNativeTarget;
			buildConfigurationList = 2254A5A32534595300813B84 /* Build configuration list for PBXNativeTarget "WebPKitExample-iOS" */;
			buildPhases = (
				2254A58E2534595300813B84 /* Sources */,
				2254A58F2534595300813B84 /* Frameworks */,
				2254A5902534595300813B84 /* Resources */,
			);
			buildRules = (
			);
			dependencies = (
				22CDC4A6253A933D00F7D212 /* PBXTargetDependency */,
			);
			name = "WebPKitExample-iOS";
			productName = "WebPKitExample-iOS";
			productReference = 2254A5922534595300813B84 /* WebPKitExample-iOS.app */;
			productType = "com.apple.product-type.application";
		};
		2254A62A2534A6E800813B84 /* WebPKitTests */ = {
			isa = PBXNativeTarget;
			buildConfigurationList = 2254A6322534A6E800813B84 /* Build configuration list for PBXNativeTarget "WebPKitTests" */;
			buildPhases = (
				2254A6272534A6E800813B84 /* Sources */,
				2254A6282534A6E800813B84 /* Frameworks */,
				2254A6292534A6E800813B84 /* Resources */,
			);
			buildRules = (
			);
			dependencies = (
				2254A6312534A6E800813B84 /* PBXTargetDependency */,
			);
			name = WebPKitTests;
			productName = WebPKitTests;
			productReference = 2254A62B2534A6E800813B84 /* WebPKitTests.xctest */;
			productType = "com.apple.product-type.bundle.unit-test";
		};
		2282DDBA2538929B004913CF /* WebPKitExample-tvOS */ = {
			isa = PBXNativeTarget;
			buildConfigurationList = 2282DDCA2538929B004913CF /* Build configuration list for PBXNativeTarget "WebPKitExample-tvOS" */;
			buildPhases = (
				2282DDB72538929B004913CF /* Sources */,
				2282DDB82538929B004913CF /* Frameworks */,
				2282DDB92538929B004913CF /* Resources */,
			);
			buildRules = (
			);
			dependencies = (
				22CDC587253A97FD00F7D212 /* PBXTargetDependency */,
			);
			name = "WebPKitExample-tvOS";
			productName = "WebPKitExample-tvOS";
			productReference = 2282DDBB2538929B004913CF /* WebPKitExample-tvOS.app */;
			productType = "com.apple.product-type.application";
		};
		22CDC49F253A933D00F7D212 /* WebPKit-iOS */ = {
			isa = PBXNativeTarget;
			buildConfigurationList = 22CDC4AB253A933D00F7D212 /* Build configuration list for PBXNativeTarget "WebPKit-iOS" */;
			buildPhases = (
				22CDC49B253A933D00F7D212 /* Headers */,
				22CDC49C253A933D00F7D212 /* Sources */,
				22CDC49D253A933D00F7D212 /* Frameworks */,
				22CDC49E253A933D00F7D212 /* Resources */,
			);
			buildRules = (
			);
			dependencies = (
			);
			name = "WebPKit-iOS";
			productName = WebPKitFramework;
			productReference = 22CDC4A0253A933D00F7D212 /* WebPKit.framework */;
			productType = "com.apple.product-type.framework";
		};
		22CDC4FC253A94A900F7D212 /* WebPKit-macOS */ = {
			isa = PBXNativeTarget;
			buildConfigurationList = 22CDC506253A94A900F7D212 /* Build configuration list for PBXNativeTarget "WebPKit-macOS" */;
			buildPhases = (
				22CDC4F8253A94A900F7D212 /* Headers */,
				22CDC4F9253A94A900F7D212 /* Sources */,
				22CDC4FA253A94A900F7D212 /* Frameworks */,
				22CDC4FB253A94A900F7D212 /* Resources */,
			);
			buildRules = (
			);
			dependencies = (
			);
			name = "WebPKit-macOS";
			productName = WebPKitFramework;
			productReference = 22CDC4FD253A94A900F7D212 /* WebPKit.framework */;
			productType = "com.apple.product-type.framework";
		};
		22CDC545253A977700F7D212 /* WebPKit-watchOS */ = {
			isa = PBXNativeTarget;
			buildConfigurationList = 22CDC54F253A977700F7D212 /* Build configuration list for PBXNativeTarget "WebPKit-watchOS" */;
			buildPhases = (
				22CDC541253A977700F7D212 /* Headers */,
				22CDC542253A977700F7D212 /* Sources */,
				22CDC543253A977700F7D212 /* Frameworks */,
				22CDC544253A977700F7D212 /* Resources */,
			);
			buildRules = (
			);
			dependencies = (
			);
			name = "WebPKit-watchOS";
			productName = WebPKitFramework;
			productReference = 22CDC546253A977700F7D212 /* WebPKit.framework */;
			productType = "com.apple.product-type.framework";
		};
		22CDC580253A97FD00F7D212 /* WebPKit-tvOS */ = {
			isa = PBXNativeTarget;
			buildConfigurationList = 22CDC58A253A97FD00F7D212 /* Build configuration list for PBXNativeTarget "WebPKit-tvOS" */;
			buildPhases = (
				22CDC57C253A97FD00F7D212 /* Headers */,
				22CDC57D253A97FD00F7D212 /* Sources */,
				22CDC57E253A97FD00F7D212 /* Frameworks */,
				22CDC57F253A97FD00F7D212 /* Resources */,
			);
			buildRules = (
			);
			dependencies = (
			);
			name = "WebPKit-tvOS";
			productName = WebPKitFramework;
			productReference = 22CDC581253A97FD00F7D212 /* WebPKit.framework */;
			productType = "com.apple.product-type.framework";
		};
		22E0C7432538AE60008F5183 /* WebPKitExample-macOS */ = {
			isa = PBXNativeTarget;
			buildConfigurationList = 22E0C7562538AE61008F5183 /* Build configuration list for PBXNativeTarget "WebPKitExample-macOS" */;
			buildPhases = (
				22E0C7402538AE60008F5183 /* Sources */,
				22E0C7412538AE60008F5183 /* Frameworks */,
				22E0C7422538AE60008F5183 /* Resources */,
			);
			buildRules = (
			);
			dependencies = (
				22CDC503253A94A900F7D212 /* PBXTargetDependency */,
			);
			name = "WebPKitExample-macOS";
			productName = "WebPKitExample-macOS";
			productReference = 22E0C7442538AE60008F5183 /* WebPKitExample-macOS.app */;
			productType = "com.apple.product-type.application";
		};
/* End PBXNativeTarget section */

/* Begin PBXProject section */
		228E7D64250C85E500C6B140 /* Project object */ = {
			isa = PBXProject;
			attributes = {
				LastSwiftUpdateCheck = 1220;
				LastUpgradeCheck = 1220;
				TargetAttributes = {
					224DBFEB2538A1D2000A0A36 = {
						CreatedOnToolsVersion = 12.1;
					};
					224DBFEE2538A1D3000A0A36 = {
						CreatedOnToolsVersion = 12.1;
					};
					224DBFFD2538A1D4000A0A36 = {
						CreatedOnToolsVersion = 12.1;
					};
					2254A5912534595300813B84 = {
						CreatedOnToolsVersion = 12.0;
					};
					2254A62A2534A6E800813B84 = {
						CreatedOnToolsVersion = 12.0;
						LastSwiftMigration = 1210;
						TestTargetID = 2254A5912534595300813B84;
					};
					2282DDBA2538929B004913CF = {
						CreatedOnToolsVersion = 12.1;
					};
					22CDC49F253A933D00F7D212 = {
						CreatedOnToolsVersion = 12.1;
					};
					22CDC4FC253A94A900F7D212 = {
						CreatedOnToolsVersion = 12.1;
					};
					22CDC545253A977700F7D212 = {
						CreatedOnToolsVersion = 12.1;
					};
					22CDC580253A97FD00F7D212 = {
						CreatedOnToolsVersion = 12.1;
					};
					22E0C7432538AE60008F5183 = {
						CreatedOnToolsVersion = 12.2;
					};
				};
			};
			buildConfigurationList = 228E7D67250C85E500C6B140 /* Build configuration list for PBXProject "WebPKit" */;
			compatibilityVersion = "Xcode 9.3";
			developmentRegion = en;
			hasScannedForEncodings = 0;
			knownRegions = (
				en,
				Base,
			);
			mainGroup = 228E7D63250C85E500C6B140;
			productRefGroup = 228E7D6E250C85E500C6B140 /* Products */;
			projectDirPath = "";
			projectRoot = "";
			targets = (
				2254A5912534595300813B84 /* WebPKitExample-iOS */,
				2282DDBA2538929B004913CF /* WebPKitExample-tvOS */,
				2254A62A2534A6E800813B84 /* WebPKitTests */,
				224DBFEB2538A1D2000A0A36 /* WebPKitExample-watchOS */,
				224DBFEE2538A1D3000A0A36 /* WebPKitExample-watchOS-App */,
				224DBFFD2538A1D4000A0A36 /* WebPKitExample-watchOS-Extension */,
				22E0C7432538AE60008F5183 /* WebPKitExample-macOS */,
				22CDC49F253A933D00F7D212 /* WebPKit-iOS */,
				22CDC4FC253A94A900F7D212 /* WebPKit-macOS */,
				22CDC580253A97FD00F7D212 /* WebPKit-tvOS */,
				22CDC545253A977700F7D212 /* WebPKit-watchOS */,
			);
		};
/* End PBXProject section */

/* Begin PBXResourcesBuildPhase section */
		224DBFEA2538A1D2000A0A36 /* Resources */ = {
			isa = PBXResourcesBuildPhase;
			buildActionMask = 2147483647;
			files = (
			);
			runOnlyForDeploymentPostprocessing = 0;
		};
		224DBFED2538A1D3000A0A36 /* Resources */ = {
			isa = PBXResourcesBuildPhase;
			buildActionMask = 2147483647;
			files = (
				224DBFF82538A1D3000A0A36 /* Assets.xcassets in Resources */,
				224DBFF62538A1D3000A0A36 /* Interface.storyboard in Resources */,
			);
			runOnlyForDeploymentPostprocessing = 0;
		};
		224DBFFC2538A1D4000A0A36 /* Resources */ = {
			isa = PBXResourcesBuildPhase;
			buildActionMask = 2147483647;
			files = (
				224DC00A2538A1D4000A0A36 /* Assets.xcassets in Resources */,
				224DC0362538A408000A0A36 /* WebPKitLogo.webp in Resources */,
			);
			runOnlyForDeploymentPostprocessing = 0;
		};
		2254A5902534595300813B84 /* Resources */ = {
			isa = PBXResourcesBuildPhase;
			buildActionMask = 2147483647;
			files = (
				2254A5A12534595300813B84 /* LaunchScreen.storyboard in Resources */,
				2254A59E2534595300813B84 /* Assets.xcassets in Resources */,
				2254A59C2534595300813B84 /* Main.storyboard in Resources */,
				2254A6422534AACE00813B84 /* WebPKitLogo.webp in Resources */,
			);
			runOnlyForDeploymentPostprocessing = 0;
		};
		2254A6292534A6E800813B84 /* Resources */ = {
			isa = PBXResourcesBuildPhase;
			buildActionMask = 2147483647;
			files = (
				2203B92B25375B9E0069098A /* logo-lossless.webp in Resources */,
				22985954253A0C6700D904A4 /* rect-horizontal.webp in Resources */,
				2203B92A25375B9E0069098A /* logo-lossy.WEBP in Resources */,
				22985955253A0C6700D904A4 /* rect-vertical.webp in Resources */,
			);
			runOnlyForDeploymentPostprocessing = 0;
		};
		2282DDB92538929B004913CF /* Resources */ = {
			isa = PBXResourcesBuildPhase;
			buildActionMask = 2147483647;
			files = (
				2282DDC82538929B004913CF /* LaunchScreen.storyboard in Resources */,
				2282DDC52538929B004913CF /* Assets.xcassets in Resources */,
				2282DDC32538929B004913CF /* Main.storyboard in Resources */,
				2282DDE325389453004913CF /* WebPKitLogo.webp in Resources */,
			);
			runOnlyForDeploymentPostprocessing = 0;
		};
		22CDC49E253A933D00F7D212 /* Resources */ = {
			isa = PBXResourcesBuildPhase;
			buildActionMask = 2147483647;
			files = (
			);
			runOnlyForDeploymentPostprocessing = 0;
		};
		22CDC4FB253A94A900F7D212 /* Resources */ = {
			isa = PBXResourcesBuildPhase;
			buildActionMask = 2147483647;
			files = (
			);
			runOnlyForDeploymentPostprocessing = 0;
		};
		22CDC544253A977700F7D212 /* Resources */ = {
			isa = PBXResourcesBuildPhase;
			buildActionMask = 2147483647;
			files = (
			);
			runOnlyForDeploymentPostprocessing = 0;
		};
		22CDC57F253A97FD00F7D212 /* Resources */ = {
			isa = PBXResourcesBuildPhase;
			buildActionMask = 2147483647;
			files = (
			);
			runOnlyForDeploymentPostprocessing = 0;
		};
		22E0C7422538AE60008F5183 /* Resources */ = {
			isa = PBXResourcesBuildPhase;
			buildActionMask = 2147483647;
			files = (
				22E0C7512538AE61008F5183 /* Main.storyboard in Resources */,
				22E0C7C22538B1D6008F5183 /* WebPKitLogo.webp in Resources */,
				22E0C74B2538AE61008F5183 /* Assets.xcassets in Resources */,
			);
			runOnlyForDeploymentPostprocessing = 0;
		};
/* End PBXResourcesBuildPhase section */

/* Begin PBXSourcesBuildPhase section */
		224DBFFA2538A1D4000A0A36 /* Sources */ = {
			isa = PBXSourcesBuildPhase;
			buildActionMask = 2147483647;
			files = (
				224DC0062538A1D4000A0A36 /* ExtensionDelegate.swift in Sources */,
				224DC0042538A1D4000A0A36 /* InterfaceController.swift in Sources */,
			);
			runOnlyForDeploymentPostprocessing = 0;
		};
		2254A58E2534595300813B84 /* Sources */ = {
			isa = PBXSourcesBuildPhase;
			buildActionMask = 2147483647;
			files = (
				2254A5992534595300813B84 /* ViewController.swift in Sources */,
				2254A5952534595300813B84 /* AppDelegate.swift in Sources */,
			);
			runOnlyForDeploymentPostprocessing = 0;
		};
		2254A6272534A6E800813B84 /* Sources */ = {
			isa = PBXSourcesBuildPhase;
			buildActionMask = 2147483647;
			files = (
				2203B96D253882300069098A /* WebPDecodingTests.swift in Sources */,
				2203B966253881B60069098A /* WebPDecodingUIImageTests.swift in Sources */,
				2203B93E2537621E0069098A /* CGImage+WebPDecoding.swift in Sources */,
				2203B93225375C130069098A /* URL+WebPDecoding.swift in Sources */,
				2203B94E253769AC0069098A /* WebPDecodingDataTests.swift in Sources */,
				2203B922253759B10069098A /* WebPDecodingURLTests.swift in Sources */,
				2203B95425376AC60069098A /* WebPDecodingCGImageTests.swift in Sources */,
				22CDC614253A9A0000F7D212 /* NSImage+WebPDecoding.swift in Sources */,
				2203B95825386D5D0069098A /* UIImage+WebPDecoding.swift in Sources */,
				2203B93725375E690069098A /* Data+WebPDecoding.swift in Sources */,
			);
			runOnlyForDeploymentPostprocessing = 0;
		};
		2282DDB72538929B004913CF /* Sources */ = {
			isa = PBXSourcesBuildPhase;
			buildActionMask = 2147483647;
			files = (
				2282DDC02538929B004913CF /* ViewController.swift in Sources */,
				2282DDBE2538929B004913CF /* AppDelegate.swift in Sources */,
			);
			runOnlyForDeploymentPostprocessing = 0;
		};
		22CDC49C253A933D00F7D212 /* Sources */ = {
			isa = PBXSourcesBuildPhase;
			buildActionMask = 2147483647;
			files = (
				22CDC635253A9ADA00F7D212 /* UIImage+WebPDecoding.swift in Sources */,
				22CDC4D9253A93FD00F7D212 /* CGImage+WebPDecoding.swift in Sources */,
				22CDC4DA253A93FD00F7D212 /* URL+WebPDecoding.swift in Sources */,
				22CDC4DB253A93FD00F7D212 /* Data+WebPDecoding.swift in Sources */,
			);
			runOnlyForDeploymentPostprocessing = 0;
		};
		22CDC4F9253A94A900F7D212 /* Sources */ = {
			isa = PBXSourcesBuildPhase;
			buildActionMask = 2147483647;
			files = (
				22CDC52E253A957E00F7D212 /* NSImage+WebPDecoding.swift in Sources */,
				22CDC52F253A957E00F7D212 /* CGImage+WebPDecoding.swift in Sources */,
				22CDC530253A957E00F7D212 /* URL+WebPDecoding.swift in Sources */,
				22CDC531253A957E00F7D212 /* Data+WebPDecoding.swift in Sources */,
			);
			runOnlyForDeploymentPostprocessing = 0;
		};
		22CDC542253A977700F7D212 /* Sources */ = {
			isa = PBXSourcesBuildPhase;
			buildActionMask = 2147483647;
			files = (
				22CDC569253A97BB00F7D212 /* UIImage+WebPDecoding.swift in Sources */,
				22CDC56A253A97BB00F7D212 /* CGImage+WebPDecoding.swift in Sources */,
				22CDC56B253A97BB00F7D212 /* URL+WebPDecoding.swift in Sources */,
				22CDC56C253A97BB00F7D212 /* Data+WebPDecoding.swift in Sources */,
			);
			runOnlyForDeploymentPostprocessing = 0;
		};
		22CDC57D253A97FD00F7D212 /* Sources */ = {
			isa = PBXSourcesBuildPhase;
			buildActionMask = 2147483647;
			files = (
				22CDC5AB253A986800F7D212 /* UIImage+WebPDecoding.swift in Sources */,
				22CDC5AC253A986800F7D212 /* CGImage+WebPDecoding.swift in Sources */,
				22CDC5AD253A986800F7D212 /* URL+WebPDecoding.swift in Sources */,
				22CDC5AE253A986800F7D212 /* Data+WebPDecoding.swift in Sources */,
			);
			runOnlyForDeploymentPostprocessing = 0;
		};
		22E0C7402538AE60008F5183 /* Sources */ = {
			isa = PBXSourcesBuildPhase;
			buildActionMask = 2147483647;
			files = (
				22E0C7492538AE60008F5183 /* ContentView.swift in Sources */,
				22E0C7472538AE60008F5183 /* AppDelegate.swift in Sources */,
			);
			runOnlyForDeploymentPostprocessing = 0;
		};
/* End PBXSourcesBuildPhase section */

/* Begin PBXTargetDependency section */
		224DBFF22538A1D3000A0A36 /* PBXTargetDependency */ = {
			isa = PBXTargetDependency;
			target = 224DBFEE2538A1D3000A0A36 /* WebPKitExample-watchOS-App */;
			targetProxy = 224DBFF12538A1D3000A0A36 /* PBXContainerItemProxy */;
		};
		224DC0012538A1D4000A0A36 /* PBXTargetDependency */ = {
			isa = PBXTargetDependency;
			target = 224DBFFD2538A1D4000A0A36 /* WebPKitExample-watchOS-Extension */;
			targetProxy = 224DC0002538A1D4000A0A36 /* PBXContainerItemProxy */;
		};
		2254A6312534A6E800813B84 /* PBXTargetDependency */ = {
			isa = PBXTargetDependency;
			target = 2254A5912534595300813B84 /* WebPKitExample-iOS */;
			targetProxy = 2254A6302534A6E800813B84 /* PBXContainerItemProxy */;
		};
		22CDC4A6253A933D00F7D212 /* PBXTargetDependency */ = {
			isa = PBXTargetDependency;
			target = 22CDC49F253A933D00F7D212 /* WebPKit-iOS */;
			targetProxy = 22CDC4A5253A933D00F7D212 /* PBXContainerItemProxy */;
		};
		22CDC503253A94A900F7D212 /* PBXTargetDependency */ = {
			isa = PBXTargetDependency;
			target = 22CDC4FC253A94A900F7D212 /* WebPKit-macOS */;
			targetProxy = 22CDC502253A94A900F7D212 /* PBXContainerItemProxy */;
		};
		22CDC587253A97FD00F7D212 /* PBXTargetDependency */ = {
			isa = PBXTargetDependency;
			target = 22CDC580253A97FD00F7D212 /* WebPKit-tvOS */;
			targetProxy = 22CDC586253A97FD00F7D212 /* PBXContainerItemProxy */;
		};
		22CDC64F253A9CF400F7D212 /* PBXTargetDependency */ = {
			isa = PBXTargetDependency;
			target = 22CDC545253A977700F7D212 /* WebPKit-watchOS */;
			targetProxy = 22CDC64E253A9CF400F7D212 /* PBXContainerItemProxy */;
		};
/* End PBXTargetDependency section */

/* Begin PBXVariantGroup section */
		224DBFF42538A1D3000A0A36 /* Interface.storyboard */ = {
			isa = PBXVariantGroup;
			children = (
				224DBFF52538A1D3000A0A36 /* Base */,
			);
			name = Interface.storyboard;
			sourceTree = "<group>";
		};
		2254A59A2534595300813B84 /* Main.storyboard */ = {
			isa = PBXVariantGroup;
			children = (
				2254A59B2534595300813B84 /* Base */,
			);
			name = Main.storyboard;
			sourceTree = "<group>";
		};
		2254A59F2534595300813B84 /* LaunchScreen.storyboard */ = {
			isa = PBXVariantGroup;
			children = (
				2254A5A02534595300813B84 /* Base */,
			);
			name = LaunchScreen.storyboard;
			sourceTree = "<group>";
		};
		2282DDC12538929B004913CF /* Main.storyboard */ = {
			isa = PBXVariantGroup;
			children = (
				2282DDC22538929B004913CF /* Base */,
			);
			name = Main.storyboard;
			sourceTree = "<group>";
		};
		2282DDC62538929B004913CF /* LaunchScreen.storyboard */ = {
			isa = PBXVariantGroup;
			children = (
				2282DDC72538929B004913CF /* Base */,
			);
			name = LaunchScreen.storyboard;
			sourceTree = "<group>";
		};
		22E0C74F2538AE61008F5183 /* Main.storyboard */ = {
			isa = PBXVariantGroup;
			children = (
				22E0C7502538AE61008F5183 /* Base */,
			);
			name = Main.storyboard;
			sourceTree = "<group>";
		};
/* End PBXVariantGroup section */

/* Begin XCBuildConfiguration section */
		224DC00C2538A1D4000A0A36 /* Debug */ = {
			isa = XCBuildConfiguration;
			buildSettings = {
				CODE_SIGN_STYLE = Automatic;
				CURRENT_PROJECT_VERSION = 1;
				DEVELOPMENT_TEAM = 6LF3GMKZAB;
				MARKETING_VERSION = 1.0;
				PRODUCT_BUNDLE_IDENTIFIER = "dev.tim.WebPKitExample-watchOS";
				PRODUCT_NAME = "$(TARGET_NAME)";
				SDKROOT = iphoneos;
				SWIFT_ACTIVE_COMPILATION_CONDITIONS = DEBUG;
				SWIFT_OPTIMIZATION_LEVEL = "-Onone";
				SWIFT_VERSION = 5.0;
			};
			name = Debug;
		};
		224DC00D2538A1D4000A0A36 /* Release */ = {
			isa = XCBuildConfiguration;
			buildSettings = {
				CODE_SIGN_STYLE = Automatic;
				CURRENT_PROJECT_VERSION = 1;
				DEVELOPMENT_TEAM = 6LF3GMKZAB;
				MARKETING_VERSION = 1.0;
				PRODUCT_BUNDLE_IDENTIFIER = "dev.tim.WebPKitExample-watchOS";
				PRODUCT_NAME = "$(TARGET_NAME)";
				SDKROOT = iphoneos;
				SWIFT_OPTIMIZATION_LEVEL = "-O";
				SWIFT_VERSION = 5.0;
				VALIDATE_PRODUCT = YES;
			};
			name = Release;
		};
		224DC00F2538A1D4000A0A36 /* Debug */ = {
			isa = XCBuildConfiguration;
			buildSettings = {
				ALWAYS_EMBED_SWIFT_STANDARD_LIBRARIES = YES;
				ASSETCATALOG_COMPILER_APPICON_NAME = AppIcon;
				ASSETCATALOG_COMPILER_GLOBAL_ACCENT_COLOR_NAME = AccentColor;
				CODE_SIGN_STYLE = Automatic;
				DEVELOPMENT_TEAM = 6LF3GMKZAB;
				IBSC_MODULE = WebPKitExample_watchOS_Extension;
				INFOPLIST_FILE = "WebPKitExample-watchOS/App/Info.plist";
				PRODUCT_BUNDLE_IDENTIFIER = "dev.tim.WebPKitExample-watchOS.watchkitapp";
				PRODUCT_NAME = "$(TARGET_NAME)";
				SDKROOT = watchos;
				SKIP_INSTALL = YES;
				SWIFT_ACTIVE_COMPILATION_CONDITIONS = DEBUG;
				SWIFT_OPTIMIZATION_LEVEL = "-Onone";
				SWIFT_VERSION = 5.0;
				TARGETED_DEVICE_FAMILY = 4;
				WATCHOS_DEPLOYMENT_TARGET = 6.0;
			};
			name = Debug;
		};
		224DC0102538A1D4000A0A36 /* Release */ = {
			isa = XCBuildConfiguration;
			buildSettings = {
				ALWAYS_EMBED_SWIFT_STANDARD_LIBRARIES = YES;
				ASSETCATALOG_COMPILER_APPICON_NAME = AppIcon;
				ASSETCATALOG_COMPILER_GLOBAL_ACCENT_COLOR_NAME = AccentColor;
				CODE_SIGN_STYLE = Automatic;
				DEVELOPMENT_TEAM = 6LF3GMKZAB;
				IBSC_MODULE = WebPKitExample_watchOS_Extension;
				INFOPLIST_FILE = "WebPKitExample-watchOS/App/Info.plist";
				PRODUCT_BUNDLE_IDENTIFIER = "dev.tim.WebPKitExample-watchOS.watchkitapp";
				PRODUCT_NAME = "$(TARGET_NAME)";
				SDKROOT = watchos;
				SKIP_INSTALL = YES;
				SWIFT_OPTIMIZATION_LEVEL = "-O";
				SWIFT_VERSION = 5.0;
				TARGETED_DEVICE_FAMILY = 4;
				VALIDATE_PRODUCT = YES;
				WATCHOS_DEPLOYMENT_TARGET = 6.0;
			};
			name = Release;
		};
		224DC0122538A1D4000A0A36 /* Debug */ = {
			isa = XCBuildConfiguration;
			buildSettings = {
				ASSETCATALOG_COMPILER_COMPLICATION_NAME = Complication;
				CODE_SIGN_STYLE = Automatic;
				DEVELOPMENT_TEAM = 6LF3GMKZAB;
				EXCLUDED_ARCHS = arm64;
				FRAMEWORK_SEARCH_PATHS = (
					"$(inherited)",
					"$(PROJECT_DIR)",
					"$(PROJECT_DIR)/WebPKitExample-watchOS",
				);
				INFOPLIST_FILE = "WebPKitExample-watchOS/Extension/Info.plist";
				LD_RUNPATH_SEARCH_PATHS = (
					"$(inherited)",
					"@executable_path/Frameworks",
					"@executable_path/../../Frameworks",
				);
				PRODUCT_BUNDLE_IDENTIFIER = "dev.tim.WebPKitExample-watchOS.watchkitapp.watchkitextension";
				PRODUCT_NAME = "${TARGET_NAME}";
				SDKROOT = watchos;
				SKIP_INSTALL = YES;
				SWIFT_ACTIVE_COMPILATION_CONDITIONS = DEBUG;
				SWIFT_OPTIMIZATION_LEVEL = "-Onone";
				SWIFT_VERSION = 5.0;
				TARGETED_DEVICE_FAMILY = 4;
				WATCHOS_DEPLOYMENT_TARGET = 6.0;
			};
			name = Debug;
		};
		224DC0132538A1D4000A0A36 /* Release */ = {
			isa = XCBuildConfiguration;
			buildSettings = {
				ASSETCATALOG_COMPILER_COMPLICATION_NAME = Complication;
				CODE_SIGN_STYLE = Automatic;
				DEVELOPMENT_TEAM = 6LF3GMKZAB;
				EXCLUDED_ARCHS = arm64;
				FRAMEWORK_SEARCH_PATHS = (
					"$(inherited)",
					"$(PROJECT_DIR)",
					"$(PROJECT_DIR)/WebPKitExample-watchOS",
				);
				INFOPLIST_FILE = "WebPKitExample-watchOS/Extension/Info.plist";
				LD_RUNPATH_SEARCH_PATHS = (
					"$(inherited)",
					"@executable_path/Frameworks",
					"@executable_path/../../Frameworks",
				);
				PRODUCT_BUNDLE_IDENTIFIER = "dev.tim.WebPKitExample-watchOS.watchkitapp.watchkitextension";
				PRODUCT_NAME = "${TARGET_NAME}";
				SDKROOT = watchos;
				SKIP_INSTALL = YES;
				SWIFT_OPTIMIZATION_LEVEL = "-O";
				SWIFT_VERSION = 5.0;
				TARGETED_DEVICE_FAMILY = 4;
				VALIDATE_PRODUCT = YES;
				WATCHOS_DEPLOYMENT_TARGET = 6.0;
			};
			name = Release;
		};
		2254A5A42534595300813B84 /* Debug */ = {
			isa = XCBuildConfiguration;
			buildSettings = {
				ASSETCATALOG_COMPILER_APPICON_NAME = AppIcon;
				ASSETCATALOG_COMPILER_GLOBAL_ACCENT_COLOR_NAME = AccentColor;
				CODE_SIGN_ENTITLEMENTS = "WebPKitExample-iOS/Supporting/WebPKitExample-iOS.entitlements";
				CODE_SIGN_STYLE = Automatic;
				DEVELOPMENT_TEAM = 6LF3GMKZAB;
				FRAMEWORK_SEARCH_PATHS = (
					"$(inherited)",
					"$(PROJECT_DIR)/WebPKitExample-iOS",
				);
				INFOPLIST_FILE = "WebPKitExample-iOS/Supporting/Info.plist";
				IPHONEOS_DEPLOYMENT_TARGET = 12.0;
				LD_RUNPATH_SEARCH_PATHS = (
					"$(inherited)",
					"@executable_path/Frameworks",
				);
				PRODUCT_BUNDLE_IDENTIFIER = "dev.tim.WebPKitExample-iOS";
				PRODUCT_NAME = "$(TARGET_NAME)";
				SDKROOT = iphoneos;
				SUPPORTS_MACCATALYST = YES;
				SWIFT_ACTIVE_COMPILATION_CONDITIONS = DEBUG;
				SWIFT_OPTIMIZATION_LEVEL = "-Onone";
				SWIFT_VERSION = 5.0;
				TARGETED_DEVICE_FAMILY = "1,2";
			};
			name = Debug;
		};
		2254A5A52534595300813B84 /* Release */ = {
			isa = XCBuildConfiguration;
			buildSettings = {
				ASSETCATALOG_COMPILER_APPICON_NAME = AppIcon;
				ASSETCATALOG_COMPILER_GLOBAL_ACCENT_COLOR_NAME = AccentColor;
				CODE_SIGN_ENTITLEMENTS = "WebPKitExample-iOS/Supporting/WebPKitExample-iOS.entitlements";
				CODE_SIGN_STYLE = Automatic;
				DEVELOPMENT_TEAM = 6LF3GMKZAB;
				FRAMEWORK_SEARCH_PATHS = (
					"$(inherited)",
					"$(PROJECT_DIR)/WebPKitExample-iOS",
				);
				INFOPLIST_FILE = "WebPKitExample-iOS/Supporting/Info.plist";
				IPHONEOS_DEPLOYMENT_TARGET = 12.0;
				LD_RUNPATH_SEARCH_PATHS = (
					"$(inherited)",
					"@executable_path/Frameworks",
				);
				PRODUCT_BUNDLE_IDENTIFIER = "dev.tim.WebPKitExample-iOS";
				PRODUCT_NAME = "$(TARGET_NAME)";
				SDKROOT = iphoneos;
				SUPPORTS_MACCATALYST = YES;
				SWIFT_COMPILATION_MODE = wholemodule;
				SWIFT_OPTIMIZATION_LEVEL = "-O";
				SWIFT_VERSION = 5.0;
				TARGETED_DEVICE_FAMILY = "1,2";
				VALIDATE_PRODUCT = YES;
			};
			name = Release;
		};
		2254A6332534A6E800813B84 /* Debug */ = {
			isa = XCBuildConfiguration;
			buildSettings = {
				ALWAYS_EMBED_SWIFT_STANDARD_LIBRARIES = YES;
				BUNDLE_LOADER = "$(TEST_HOST)";
				CLANG_ENABLE_MODULES = YES;
				CODE_SIGN_STYLE = Automatic;
				DEVELOPMENT_TEAM = 6LF3GMKZAB;
				INFOPLIST_FILE = WebPKitTests/Info.plist;
				IPHONEOS_DEPLOYMENT_TARGET = 14.0;
				LD_RUNPATH_SEARCH_PATHS = (
					"$(inherited)",
					"@executable_path/Frameworks",
					"@loader_path/Frameworks",
				);
				PRODUCT_BUNDLE_IDENTIFIER = dev.tim.WebPKitTests;
				PRODUCT_NAME = "$(TARGET_NAME)";
				SDKROOT = iphoneos;
				SWIFT_OPTIMIZATION_LEVEL = "-Onone";
				SWIFT_VERSION = 5.0;
				TARGETED_DEVICE_FAMILY = "1,2";
				TEST_HOST = "$(BUILT_PRODUCTS_DIR)/WebPKitExample-iOS.app/WebPKitExample-iOS";
			};
			name = Debug;
		};
		2254A6342534A6E800813B84 /* Release */ = {
			isa = XCBuildConfiguration;
			buildSettings = {
				ALWAYS_EMBED_SWIFT_STANDARD_LIBRARIES = YES;
				BUNDLE_LOADER = "$(TEST_HOST)";
				CLANG_ENABLE_MODULES = YES;
				CODE_SIGN_STYLE = Automatic;
				DEVELOPMENT_TEAM = 6LF3GMKZAB;
				INFOPLIST_FILE = WebPKitTests/Info.plist;
				IPHONEOS_DEPLOYMENT_TARGET = 14.0;
				LD_RUNPATH_SEARCH_PATHS = (
					"$(inherited)",
					"@executable_path/Frameworks",
					"@loader_path/Frameworks",
				);
				PRODUCT_BUNDLE_IDENTIFIER = dev.tim.WebPKitTests;
				PRODUCT_NAME = "$(TARGET_NAME)";
				SDKROOT = iphoneos;
				SWIFT_VERSION = 5.0;
				TARGETED_DEVICE_FAMILY = "1,2";
				TEST_HOST = "$(BUILT_PRODUCTS_DIR)/WebPKitExample-iOS.app/WebPKitExample-iOS";
				VALIDATE_PRODUCT = YES;
			};
			name = Release;
		};
		2282DDCB2538929B004913CF /* Debug */ = {
			isa = XCBuildConfiguration;
			buildSettings = {
				ALWAYS_EMBED_SWIFT_STANDARD_LIBRARIES = YES;
				ASSETCATALOG_COMPILER_APPICON_NAME = "App Icon & Top Shelf Image";
				ASSETCATALOG_COMPILER_GLOBAL_ACCENT_COLOR_NAME = AccentColor;
				CODE_SIGN_STYLE = Automatic;
				DEVELOPMENT_TEAM = 6LF3GMKZAB;
				FRAMEWORK_SEARCH_PATHS = (
					"$(inherited)",
					"$(PROJECT_DIR)",
					"$(PROJECT_DIR)/WebPKitExample-tvOS",
				);
				INFOPLIST_FILE = "WebPKitExample-tvOS/Supporting/Info.plist";
				LD_RUNPATH_SEARCH_PATHS = (
					"$(inherited)",
					"@executable_path/Frameworks",
				);
				PRODUCT_BUNDLE_IDENTIFIER = "dev.tim.WebPKitExample-tvOS";
				PRODUCT_NAME = "$(TARGET_NAME)";
				SDKROOT = appletvos;
				SWIFT_ACTIVE_COMPILATION_CONDITIONS = DEBUG;
				SWIFT_OPTIMIZATION_LEVEL = "-Onone";
				SWIFT_VERSION = 5.0;
				TARGETED_DEVICE_FAMILY = 3;
				TVOS_DEPLOYMENT_TARGET = 12.0;
			};
			name = Debug;
		};
		2282DDCC2538929B004913CF /* Release */ = {
			isa = XCBuildConfiguration;
			buildSettings = {
				ALWAYS_EMBED_SWIFT_STANDARD_LIBRARIES = YES;
				ASSETCATALOG_COMPILER_APPICON_NAME = "App Icon & Top Shelf Image";
				ASSETCATALOG_COMPILER_GLOBAL_ACCENT_COLOR_NAME = AccentColor;
				CODE_SIGN_STYLE = Automatic;
				DEVELOPMENT_TEAM = 6LF3GMKZAB;
				FRAMEWORK_SEARCH_PATHS = (
					"$(inherited)",
					"$(PROJECT_DIR)",
					"$(PROJECT_DIR)/WebPKitExample-tvOS",
				);
				INFOPLIST_FILE = "WebPKitExample-tvOS/Supporting/Info.plist";
				LD_RUNPATH_SEARCH_PATHS = (
					"$(inherited)",
					"@executable_path/Frameworks",
				);
				PRODUCT_BUNDLE_IDENTIFIER = "dev.tim.WebPKitExample-tvOS";
				PRODUCT_NAME = "$(TARGET_NAME)";
				SDKROOT = appletvos;
				SWIFT_OPTIMIZATION_LEVEL = "-O";
				SWIFT_VERSION = 5.0;
				TARGETED_DEVICE_FAMILY = 3;
				TVOS_DEPLOYMENT_TARGET = 12.0;
				VALIDATE_PRODUCT = YES;
			};
			name = Release;
		};
		228E7D7F250C85E600C6B140 /* Debug */ = {
			isa = XCBuildConfiguration;
			buildSettings = {
				ALWAYS_SEARCH_USER_PATHS = NO;
				CLANG_ANALYZER_NONNULL = YES;
				CLANG_ANALYZER_NUMBER_OBJECT_CONVERSION = YES_AGGRESSIVE;
				CLANG_CXX_LANGUAGE_STANDARD = "gnu++14";
				CLANG_CXX_LIBRARY = "libc++";
				CLANG_ENABLE_MODULES = YES;
				CLANG_ENABLE_OBJC_ARC = YES;
				CLANG_ENABLE_OBJC_WEAK = YES;
				CLANG_WARN_BLOCK_CAPTURE_AUTORELEASING = YES;
				CLANG_WARN_BOOL_CONVERSION = YES;
				CLANG_WARN_COMMA = YES;
				CLANG_WARN_CONSTANT_CONVERSION = YES;
				CLANG_WARN_DEPRECATED_OBJC_IMPLEMENTATIONS = YES;
				CLANG_WARN_DIRECT_OBJC_ISA_USAGE = YES_ERROR;
				CLANG_WARN_DOCUMENTATION_COMMENTS = YES;
				CLANG_WARN_EMPTY_BODY = YES;
				CLANG_WARN_ENUM_CONVERSION = YES;
				CLANG_WARN_INFINITE_RECURSION = YES;
				CLANG_WARN_INT_CONVERSION = YES;
				CLANG_WARN_NON_LITERAL_NULL_CONVERSION = YES;
				CLANG_WARN_OBJC_IMPLICIT_RETAIN_SELF = YES;
				CLANG_WARN_OBJC_LITERAL_CONVERSION = YES;
				CLANG_WARN_OBJC_ROOT_CLASS = YES_ERROR;
				CLANG_WARN_QUOTED_INCLUDE_IN_FRAMEWORK_HEADER = YES;
				CLANG_WARN_RANGE_LOOP_ANALYSIS = YES;
				CLANG_WARN_STRICT_PROTOTYPES = YES;
				CLANG_WARN_SUSPICIOUS_MOVE = YES;
				CLANG_WARN_UNGUARDED_AVAILABILITY = YES_AGGRESSIVE;
				CLANG_WARN_UNREACHABLE_CODE = YES;
				CLANG_WARN__DUPLICATE_METHOD_MATCH = YES;
				COPY_PHASE_STRIP = NO;
				CURRENT_PROJECT_VERSION = 1;
				DEBUG_INFORMATION_FORMAT = dwarf;
				ENABLE_STRICT_OBJC_MSGSEND = YES;
				ENABLE_TESTABILITY = YES;
				GCC_C_LANGUAGE_STANDARD = gnu11;
				GCC_DYNAMIC_NO_PIC = NO;
				GCC_NO_COMMON_BLOCKS = YES;
				GCC_OPTIMIZATION_LEVEL = 0;
				GCC_PREPROCESSOR_DEFINITIONS = (
					"DEBUG=1",
					"$(inherited)",
				);
				GCC_WARN_64_TO_32_BIT_CONVERSION = YES;
				GCC_WARN_ABOUT_RETURN_TYPE = YES_ERROR;
				GCC_WARN_UNDECLARED_SELECTOR = YES;
				GCC_WARN_UNINITIALIZED_AUTOS = YES_AGGRESSIVE;
				GCC_WARN_UNUSED_FUNCTION = YES;
				GCC_WARN_UNUSED_VARIABLE = YES;
				MACOSX_DEPLOYMENT_TARGET = 10.15;
				MTL_ENABLE_DEBUG_INFO = INCLUDE_SOURCE;
				MTL_FAST_MATH = YES;
				ONLY_ACTIVE_ARCH = YES;
				SDKROOT = macosx;
				VERSIONING_SYSTEM = "apple-generic";
				VERSION_INFO_PREFIX = "";
			};
			name = Debug;
		};
		228E7D80250C85E600C6B140 /* Release */ = {
			isa = XCBuildConfiguration;
			buildSettings = {
				ALWAYS_SEARCH_USER_PATHS = NO;
				CLANG_ANALYZER_NONNULL = YES;
				CLANG_ANALYZER_NUMBER_OBJECT_CONVERSION = YES_AGGRESSIVE;
				CLANG_CXX_LANGUAGE_STANDARD = "gnu++14";
				CLANG_CXX_LIBRARY = "libc++";
				CLANG_ENABLE_MODULES = YES;
				CLANG_ENABLE_OBJC_ARC = YES;
				CLANG_ENABLE_OBJC_WEAK = YES;
				CLANG_WARN_BLOCK_CAPTURE_AUTORELEASING = YES;
				CLANG_WARN_BOOL_CONVERSION = YES;
				CLANG_WARN_COMMA = YES;
				CLANG_WARN_CONSTANT_CONVERSION = YES;
				CLANG_WARN_DEPRECATED_OBJC_IMPLEMENTATIONS = YES;
				CLANG_WARN_DIRECT_OBJC_ISA_USAGE = YES_ERROR;
				CLANG_WARN_DOCUMENTATION_COMMENTS = YES;
				CLANG_WARN_EMPTY_BODY = YES;
				CLANG_WARN_ENUM_CONVERSION = YES;
				CLANG_WARN_INFINITE_RECURSION = YES;
				CLANG_WARN_INT_CONVERSION = YES;
				CLANG_WARN_NON_LITERAL_NULL_CONVERSION = YES;
				CLANG_WARN_OBJC_IMPLICIT_RETAIN_SELF = YES;
				CLANG_WARN_OBJC_LITERAL_CONVERSION = YES;
				CLANG_WARN_OBJC_ROOT_CLASS = YES_ERROR;
				CLANG_WARN_QUOTED_INCLUDE_IN_FRAMEWORK_HEADER = YES;
				CLANG_WARN_RANGE_LOOP_ANALYSIS = YES;
				CLANG_WARN_STRICT_PROTOTYPES = YES;
				CLANG_WARN_SUSPICIOUS_MOVE = YES;
				CLANG_WARN_UNGUARDED_AVAILABILITY = YES_AGGRESSIVE;
				CLANG_WARN_UNREACHABLE_CODE = YES;
				CLANG_WARN__DUPLICATE_METHOD_MATCH = YES;
				COPY_PHASE_STRIP = NO;
				CURRENT_PROJECT_VERSION = 1;
				DEBUG_INFORMATION_FORMAT = "dwarf-with-dsym";
				ENABLE_NS_ASSERTIONS = NO;
				ENABLE_STRICT_OBJC_MSGSEND = YES;
				GCC_C_LANGUAGE_STANDARD = gnu11;
				GCC_NO_COMMON_BLOCKS = YES;
				GCC_WARN_64_TO_32_BIT_CONVERSION = YES;
				GCC_WARN_ABOUT_RETURN_TYPE = YES_ERROR;
				GCC_WARN_UNDECLARED_SELECTOR = YES;
				GCC_WARN_UNINITIALIZED_AUTOS = YES_AGGRESSIVE;
				GCC_WARN_UNUSED_FUNCTION = YES;
				GCC_WARN_UNUSED_VARIABLE = YES;
				MACOSX_DEPLOYMENT_TARGET = 10.15;
				MTL_ENABLE_DEBUG_INFO = NO;
				MTL_FAST_MATH = YES;
				SDKROOT = macosx;
				SWIFT_COMPILATION_MODE = wholemodule;
				VERSIONING_SYSTEM = "apple-generic";
				VERSION_INFO_PREFIX = "";
			};
			name = Release;
		};
		22CDC4A9253A933D00F7D212 /* Debug */ = {
			isa = XCBuildConfiguration;
			buildSettings = {
				CODE_SIGN_STYLE = Automatic;
				DEFINES_MODULE = YES;
				DEVELOPMENT_TEAM = 6LF3GMKZAB;
				DYLIB_COMPATIBILITY_VERSION = 1;
				DYLIB_CURRENT_VERSION = 1;
				DYLIB_INSTALL_NAME_BASE = "@rpath";
				FRAMEWORK_SEARCH_PATHS = (
					"$(inherited)",
					"$(SDKROOT)/System/iOSSupport/System/Library/Frameworks",
				);
				INFOPLIST_FILE = WebPKit/Supporting/Info.plist;
				INSTALL_PATH = "$(LOCAL_LIBRARY_DIR)/Frameworks";
				IPHONEOS_DEPLOYMENT_TARGET = 9.0;
				"IPHONEOS_DEPLOYMENT_TARGET[sdk=macosx*]" = 13.1;
				LD_RUNPATH_SEARCH_PATHS = (
					"$(inherited)",
					"@executable_path/Frameworks",
					"@loader_path/Frameworks",
				);
				MACH_O_TYPE = staticlib;
				PRODUCT_BUNDLE_IDENTIFIER = dev.tim.webpkit;
				PRODUCT_NAME = WebPKit;
				SDKROOT = iphoneos;
				SKIP_INSTALL = YES;
				SWIFT_ACTIVE_COMPILATION_CONDITIONS = DEBUG;
				SWIFT_OPTIMIZATION_LEVEL = "-Onone";
				SWIFT_VERSION = 5.0;
				TARGETED_DEVICE_FAMILY = "1,2";
			};
			name = Debug;
		};
		22CDC4AA253A933D00F7D212 /* Release */ = {
			isa = XCBuildConfiguration;
			buildSettings = {
				CODE_SIGN_STYLE = Automatic;
				DEFINES_MODULE = YES;
				DEVELOPMENT_TEAM = 6LF3GMKZAB;
				DYLIB_COMPATIBILITY_VERSION = 1;
				DYLIB_CURRENT_VERSION = 1;
				DYLIB_INSTALL_NAME_BASE = "@rpath";
				FRAMEWORK_SEARCH_PATHS = (
					"$(inherited)",
					"$(SDKROOT)/System/iOSSupport/System/Library/Frameworks",
				);
				INFOPLIST_FILE = WebPKit/Supporting/Info.plist;
				INSTALL_PATH = "$(LOCAL_LIBRARY_DIR)/Frameworks";
				IPHONEOS_DEPLOYMENT_TARGET = 9.0;
				"IPHONEOS_DEPLOYMENT_TARGET[sdk=macosx*]" = 13.1;
				LD_RUNPATH_SEARCH_PATHS = (
					"$(inherited)",
					"@executable_path/Frameworks",
					"@loader_path/Frameworks",
				);
				MACH_O_TYPE = staticlib;
				PRODUCT_BUNDLE_IDENTIFIER = dev.tim.webpkit;
				PRODUCT_NAME = WebPKit;
				SDKROOT = iphoneos;
				SKIP_INSTALL = YES;
				SWIFT_OPTIMIZATION_LEVEL = "-O";
				SWIFT_VERSION = 5.0;
				TARGETED_DEVICE_FAMILY = "1,2";
				VALIDATE_PRODUCT = YES;
			};
			name = Release;
		};
		22CDC507253A94A900F7D212 /* Debug */ = {
			isa = XCBuildConfiguration;
			buildSettings = {
				CODE_SIGN_IDENTITY = "-";
				CODE_SIGN_STYLE = Automatic;
				COMBINE_HIDPI_IMAGES = YES;
				DEFINES_MODULE = YES;
				DEVELOPMENT_TEAM = 6LF3GMKZAB;
				DYLIB_COMPATIBILITY_VERSION = 1;
				DYLIB_CURRENT_VERSION = 1;
				DYLIB_INSTALL_NAME_BASE = "@rpath";
				FRAMEWORK_SEARCH_PATHS = (
					"$(inherited)",
					"$(PROJECT_DIR)/WebPKitExample-macOS",
				);
				INFOPLIST_FILE = WebPKit/Supporting/Info.plist;
				INSTALL_PATH = "$(LOCAL_LIBRARY_DIR)/Frameworks";
				LD_RUNPATH_SEARCH_PATHS = (
					"$(inherited)",
					"@executable_path/../Frameworks",
					"@loader_path/Frameworks",
				);
				MACH_O_TYPE = staticlib;
				MACOSX_DEPLOYMENT_TARGET = 10.9;
				PRODUCT_BUNDLE_IDENTIFIER = dev.tim.webpkit;
				PRODUCT_NAME = WebPKit;
				SKIP_INSTALL = YES;
				SWIFT_ACTIVE_COMPILATION_CONDITIONS = DEBUG;
				SWIFT_OPTIMIZATION_LEVEL = "-Onone";
				SWIFT_VERSION = 5.0;
			};
			name = Debug;
		};
		22CDC508253A94A900F7D212 /* Release */ = {
			isa = XCBuildConfiguration;
			buildSettings = {
				CODE_SIGN_IDENTITY = "-";
				CODE_SIGN_STYLE = Automatic;
				COMBINE_HIDPI_IMAGES = YES;
				DEFINES_MODULE = YES;
				DEVELOPMENT_TEAM = 6LF3GMKZAB;
				DYLIB_COMPATIBILITY_VERSION = 1;
				DYLIB_CURRENT_VERSION = 1;
				DYLIB_INSTALL_NAME_BASE = "@rpath";
				FRAMEWORK_SEARCH_PATHS = (
					"$(inherited)",
					"$(PROJECT_DIR)/WebPKitExample-macOS",
				);
				INFOPLIST_FILE = WebPKit/Supporting/Info.plist;
				INSTALL_PATH = "$(LOCAL_LIBRARY_DIR)/Frameworks";
				LD_RUNPATH_SEARCH_PATHS = (
					"$(inherited)",
					"@executable_path/../Frameworks",
					"@loader_path/Frameworks",
				);
				MACH_O_TYPE = staticlib;
				MACOSX_DEPLOYMENT_TARGET = 10.9;
				PRODUCT_BUNDLE_IDENTIFIER = dev.tim.webpkit;
				PRODUCT_NAME = WebPKit;
				SKIP_INSTALL = YES;
				SWIFT_OPTIMIZATION_LEVEL = "-O";
				SWIFT_VERSION = 5.0;
			};
			name = Release;
		};
		22CDC550253A977700F7D212 /* Debug */ = {
			isa = XCBuildConfiguration;
			buildSettings = {
				APPLICATION_EXTENSION_API_ONLY = YES;
				CODE_SIGN_STYLE = Automatic;
				DEFINES_MODULE = YES;
				DEVELOPMENT_TEAM = 6LF3GMKZAB;
				DYLIB_COMPATIBILITY_VERSION = 1;
				DYLIB_CURRENT_VERSION = 1;
				DYLIB_INSTALL_NAME_BASE = "@rpath";
				EXCLUDED_ARCHS = arm64;
				FRAMEWORK_SEARCH_PATHS = (
					"$(inherited)",
					"$(PROJECT_DIR)/WebPKitExample-watchOS",
				);
				INFOPLIST_FILE = WebPKit/Supporting/Info.plist;
				INSTALL_PATH = "$(LOCAL_LIBRARY_DIR)/Frameworks";
				LD_RUNPATH_SEARCH_PATHS = (
					"$(inherited)",
					"@executable_path/Frameworks",
					"@loader_path/Frameworks",
				);
				MACH_O_TYPE = staticlib;
				PRODUCT_BUNDLE_IDENTIFIER = dev.tim.webpkit;
				PRODUCT_NAME = WebPKit;
				SDKROOT = watchos;
				SKIP_INSTALL = YES;
				SWIFT_ACTIVE_COMPILATION_CONDITIONS = DEBUG;
				SWIFT_OPTIMIZATION_LEVEL = "-Onone";
				SWIFT_VERSION = 5.0;
				TARGETED_DEVICE_FAMILY = 4;
				WATCHOS_DEPLOYMENT_TARGET = 2.0;
			};
			name = Debug;
		};
		22CDC551253A977700F7D212 /* Release */ = {
			isa = XCBuildConfiguration;
			buildSettings = {
				APPLICATION_EXTENSION_API_ONLY = YES;
				CODE_SIGN_STYLE = Automatic;
				DEFINES_MODULE = YES;
				DEVELOPMENT_TEAM = 6LF3GMKZAB;
				DYLIB_COMPATIBILITY_VERSION = 1;
				DYLIB_CURRENT_VERSION = 1;
				DYLIB_INSTALL_NAME_BASE = "@rpath";
				EXCLUDED_ARCHS = arm64;
				FRAMEWORK_SEARCH_PATHS = (
					"$(inherited)",
					"$(PROJECT_DIR)/WebPKitExample-watchOS",
				);
				INFOPLIST_FILE = WebPKit/Supporting/Info.plist;
				INSTALL_PATH = "$(LOCAL_LIBRARY_DIR)/Frameworks";
				LD_RUNPATH_SEARCH_PATHS = (
					"$(inherited)",
					"@executable_path/Frameworks",
					"@loader_path/Frameworks",
				);
				MACH_O_TYPE = staticlib;
				PRODUCT_BUNDLE_IDENTIFIER = dev.tim.webpkit;
				PRODUCT_NAME = WebPKit;
				SDKROOT = watchos;
				SKIP_INSTALL = YES;
				SWIFT_OPTIMIZATION_LEVEL = "-O";
				SWIFT_VERSION = 5.0;
				TARGETED_DEVICE_FAMILY = 4;
				VALIDATE_PRODUCT = YES;
				WATCHOS_DEPLOYMENT_TARGET = 2.0;
			};
			name = Release;
		};
		22CDC58B253A97FD00F7D212 /* Debug */ = {
			isa = XCBuildConfiguration;
			buildSettings = {
				CODE_SIGN_STYLE = Automatic;
				DEFINES_MODULE = YES;
				DEVELOPMENT_TEAM = 6LF3GMKZAB;
				DYLIB_COMPATIBILITY_VERSION = 1;
				DYLIB_CURRENT_VERSION = 1;
				DYLIB_INSTALL_NAME_BASE = "@rpath";
				FRAMEWORK_SEARCH_PATHS = (
					"$(inherited)",
					"$(PROJECT_DIR)/WebPKitExample-tvOS",
				);
				INFOPLIST_FILE = WebPKit/Supporting/Info.plist;
				INSTALL_PATH = "$(LOCAL_LIBRARY_DIR)/Frameworks";
				LD_RUNPATH_SEARCH_PATHS = (
					"$(inherited)",
					"@executable_path/Frameworks",
					"@loader_path/Frameworks",
				);
				MACH_O_TYPE = staticlib;
				PRODUCT_BUNDLE_IDENTIFIER = dev.tim.webpkit;
				PRODUCT_NAME = WebPKit;
				SDKROOT = appletvos;
				SKIP_INSTALL = YES;
				SWIFT_ACTIVE_COMPILATION_CONDITIONS = DEBUG;
				SWIFT_OPTIMIZATION_LEVEL = "-Onone";
				SWIFT_VERSION = 5.0;
				TARGETED_DEVICE_FAMILY = 3;
				TVOS_DEPLOYMENT_TARGET = 9.0;
			};
			name = Debug;
		};
		22CDC58C253A97FD00F7D212 /* Release */ = {
			isa = XCBuildConfiguration;
			buildSettings = {
				CODE_SIGN_STYLE = Automatic;
				DEFINES_MODULE = YES;
				DEVELOPMENT_TEAM = 6LF3GMKZAB;
				DYLIB_COMPATIBILITY_VERSION = 1;
				DYLIB_CURRENT_VERSION = 1;
				DYLIB_INSTALL_NAME_BASE = "@rpath";
				FRAMEWORK_SEARCH_PATHS = (
					"$(inherited)",
					"$(PROJECT_DIR)/WebPKitExample-tvOS",
				);
				INFOPLIST_FILE = WebPKit/Supporting/Info.plist;
				INSTALL_PATH = "$(LOCAL_LIBRARY_DIR)/Frameworks";
				LD_RUNPATH_SEARCH_PATHS = (
					"$(inherited)",
					"@executable_path/Frameworks",
					"@loader_path/Frameworks",
				);
				MACH_O_TYPE = staticlib;
				PRODUCT_BUNDLE_IDENTIFIER = dev.tim.webpkit;
				PRODUCT_NAME = WebPKit;
				SDKROOT = appletvos;
				SKIP_INSTALL = YES;
				SWIFT_OPTIMIZATION_LEVEL = "-O";
				SWIFT_VERSION = 5.0;
				TARGETED_DEVICE_FAMILY = 3;
				TVOS_DEPLOYMENT_TARGET = 9.0;
				VALIDATE_PRODUCT = YES;
			};
			name = Release;
		};
		22E0C7542538AE61008F5183 /* Debug */ = {
			isa = XCBuildConfiguration;
			buildSettings = {
				ALWAYS_EMBED_SWIFT_STANDARD_LIBRARIES = YES;
				ASSETCATALOG_COMPILER_APPICON_NAME = AppIcon;
				ASSETCATALOG_COMPILER_GLOBAL_ACCENT_COLOR_NAME = AccentColor;
				CODE_SIGN_ENTITLEMENTS = "WebPKitExample-macOS/Supporting/WebPKitExample_macOS.entitlements";
				CODE_SIGN_IDENTITY = "-";
				CODE_SIGN_STYLE = Automatic;
				COMBINE_HIDPI_IMAGES = YES;
				DEVELOPMENT_ASSET_PATHS = "";
				DEVELOPMENT_TEAM = 6LF3GMKZAB;
				ENABLE_HARDENED_RUNTIME = YES;
				ENABLE_PREVIEWS = YES;
				FRAMEWORK_SEARCH_PATHS = (
					"$(inherited)",
					"$(PROJECT_DIR)",
					"$(PROJECT_DIR)/WebPKitExample-macOS",
				);
				INFOPLIST_FILE = "WebPKitExample-macOS/Supporting/Info.plist";
				LD_RUNPATH_SEARCH_PATHS = (
					"$(inherited)",
					"@executable_path/../Frameworks",
				);
				MACOSX_DEPLOYMENT_TARGET = 10.15;
				PRODUCT_BUNDLE_IDENTIFIER = "dev.tim.WebPKitExample-macOS";
				PRODUCT_NAME = "$(TARGET_NAME)";
				SWIFT_ACTIVE_COMPILATION_CONDITIONS = DEBUG;
				SWIFT_OPTIMIZATION_LEVEL = "-Onone";
				SWIFT_VERSION = 5.0;
			};
			name = Debug;
		};
		22E0C7552538AE61008F5183 /* Release */ = {
			isa = XCBuildConfiguration;
			buildSettings = {
				ALWAYS_EMBED_SWIFT_STANDARD_LIBRARIES = YES;
				ASSETCATALOG_COMPILER_APPICON_NAME = AppIcon;
				ASSETCATALOG_COMPILER_GLOBAL_ACCENT_COLOR_NAME = AccentColor;
				CODE_SIGN_ENTITLEMENTS = "WebPKitExample-macOS/Supporting/WebPKitExample_macOS.entitlements";
				CODE_SIGN_IDENTITY = "-";
				CODE_SIGN_STYLE = Automatic;
				COMBINE_HIDPI_IMAGES = YES;
				DEVELOPMENT_ASSET_PATHS = "";
				DEVELOPMENT_TEAM = 6LF3GMKZAB;
				ENABLE_HARDENED_RUNTIME = YES;
				ENABLE_PREVIEWS = YES;
				FRAMEWORK_SEARCH_PATHS = (
					"$(inherited)",
					"$(PROJECT_DIR)",
					"$(PROJECT_DIR)/WebPKitExample-macOS",
				);
				INFOPLIST_FILE = "WebPKitExample-macOS/Supporting/Info.plist";
				LD_RUNPATH_SEARCH_PATHS = (
					"$(inherited)",
					"@executable_path/../Frameworks",
				);
				MACOSX_DEPLOYMENT_TARGET = 10.15;
				PRODUCT_BUNDLE_IDENTIFIER = "dev.tim.WebPKitExample-macOS";
				PRODUCT_NAME = "$(TARGET_NAME)";
				SWIFT_OPTIMIZATION_LEVEL = "-O";
				SWIFT_VERSION = 5.0;
			};
			name = Release;
		};
/* End XCBuildConfiguration section */

/* Begin XCConfigurationList section */
		224DC0142538A1D4000A0A36 /* Build configuration list for PBXNativeTarget "WebPKitExample-watchOS-Extension" */ = {
			isa = XCConfigurationList;
			buildConfigurations = (
				224DC0122538A1D4000A0A36 /* Debug */,
				224DC0132538A1D4000A0A36 /* Release */,
			);
			defaultConfigurationIsVisible = 0;
			defaultConfigurationName = Release;
		};
		224DC0152538A1D4000A0A36 /* Build configuration list for PBXNativeTarget "WebPKitExample-watchOS-App" */ = {
			isa = XCConfigurationList;
			buildConfigurations = (
				224DC00F2538A1D4000A0A36 /* Debug */,
				224DC0102538A1D4000A0A36 /* Release */,
			);
			defaultConfigurationIsVisible = 0;
			defaultConfigurationName = Release;
		};
		224DC0162538A1D4000A0A36 /* Build configuration list for PBXNativeTarget "WebPKitExample-watchOS" */ = {
			isa = XCConfigurationList;
			buildConfigurations = (
				224DC00C2538A1D4000A0A36 /* Debug */,
				224DC00D2538A1D4000A0A36 /* Release */,
			);
			defaultConfigurationIsVisible = 0;
			defaultConfigurationName = Release;
		};
		2254A5A32534595300813B84 /* Build configuration list for PBXNativeTarget "WebPKitExample-iOS" */ = {
			isa = XCConfigurationList;
			buildConfigurations = (
				2254A5A42534595300813B84 /* Debug */,
				2254A5A52534595300813B84 /* Release */,
			);
			defaultConfigurationIsVisible = 0;
			defaultConfigurationName = Release;
		};
		2254A6322534A6E800813B84 /* Build configuration list for PBXNativeTarget "WebPKitTests" */ = {
			isa = XCConfigurationList;
			buildConfigurations = (
				2254A6332534A6E800813B84 /* Debug */,
				2254A6342534A6E800813B84 /* Release */,
			);
			defaultConfigurationIsVisible = 0;
			defaultConfigurationName = Release;
		};
		2282DDCA2538929B004913CF /* Build configuration list for PBXNativeTarget "WebPKitExample-tvOS" */ = {
			isa = XCConfigurationList;
			buildConfigurations = (
				2282DDCB2538929B004913CF /* Debug */,
				2282DDCC2538929B004913CF /* Release */,
			);
			defaultConfigurationIsVisible = 0;
			defaultConfigurationName = Release;
		};
		228E7D67250C85E500C6B140 /* Build configuration list for PBXProject "WebPKit" */ = {
			isa = XCConfigurationList;
			buildConfigurations = (
				228E7D7F250C85E600C6B140 /* Debug */,
				228E7D80250C85E600C6B140 /* Release */,
			);
			defaultConfigurationIsVisible = 0;
			defaultConfigurationName = Release;
		};
		22CDC4AB253A933D00F7D212 /* Build configuration list for PBXNativeTarget "WebPKit-iOS" */ = {
			isa = XCConfigurationList;
			buildConfigurations = (
				22CDC4A9253A933D00F7D212 /* Debug */,
				22CDC4AA253A933D00F7D212 /* Release */,
			);
			defaultConfigurationIsVisible = 0;
			defaultConfigurationName = Release;
		};
		22CDC506253A94A900F7D212 /* Build configuration list for PBXNativeTarget "WebPKit-macOS" */ = {
			isa = XCConfigurationList;
			buildConfigurations = (
				22CDC507253A94A900F7D212 /* Debug */,
				22CDC508253A94A900F7D212 /* Release */,
			);
			defaultConfigurationIsVisible = 0;
			defaultConfigurationName = Release;
		};
		22CDC54F253A977700F7D212 /* Build configuration list for PBXNativeTarget "WebPKit-watchOS" */ = {
			isa = XCConfigurationList;
			buildConfigurations = (
				22CDC550253A977700F7D212 /* Debug */,
				22CDC551253A977700F7D212 /* Release */,
			);
			defaultConfigurationIsVisible = 0;
			defaultConfigurationName = Release;
		};
		22CDC58A253A97FD00F7D212 /* Build configuration list for PBXNativeTarget "WebPKit-tvOS" */ = {
			isa = XCConfigurationList;
			buildConfigurations = (
				22CDC58B253A97FD00F7D212 /* Debug */,
				22CDC58C253A97FD00F7D212 /* Release */,
			);
			defaultConfigurationIsVisible = 0;
			defaultConfigurationName = Release;
		};
		22E0C7562538AE61008F5183 /* Build configuration list for PBXNativeTarget "WebPKitExample-macOS" */ = {
			isa = XCConfigurationList;
			buildConfigurations = (
				22E0C7542538AE61008F5183 /* Debug */,
				22E0C7552538AE61008F5183 /* Release */,
			);
			defaultConfigurationIsVisible = 0;
			defaultConfigurationName = Release;
		};
/* End XCConfigurationList section */
	};
	rootObject = 228E7D64250C85E500C6B140 /* Project object */;
}
